lockfileVersion: 5.4

specifiers:
  '@alloc/quick-lru': ^5.2.0
  '@mdx-js/mdx': ^2.0.0-next.9
  '@types/es-module-lexer': ^0.3.0
  '@types/node': ^14.14.22
  '@types/resolve': ^1.20.0
  esbuild: 0.13.8
  resolve: ^1.20.0
  typescript: ^4.1.3
  unified: ^9.2.1
  vite: ^2.0.4

dependencies:
  '@alloc/quick-lru': 5.2.0
  esbuild: 0.13.8
  resolve: 1.22.1
  unified: 9.2.2

devDependencies:
  '@mdx-js/mdx': 2.1.3
  '@types/es-module-lexer': 0.3.0
  '@types/node': 14.18.27
  '@types/resolve': 1.20.2
  typescript: 4.8.2
  vite: 2.9.15

packages:

  /@alloc/quick-lru/5.2.0:
    resolution: {integrity: sha512-UrcABB+4bUrFABwbluTIBErXwvbsU/V7TZWfmbgJfbkwiBuziS9gxdODUyuiecfdGQ85jglMW6juS3+z5TsKLw==}
    engines: {node: '>=10'}
    dev: false

  /@esbuild/linux-loong64/0.14.54:
    resolution: {integrity: sha512-bZBrLAIX1kpWelV0XemxBZllyRmM6vgFQQG2GdNb+r3Fkp0FOh1NJSvekXDs7jq70k4euu1cryLMfU+mTXlEpw==}
    engines: {node: '>=12'}
    cpu: [loong64]
    os: [linux]
    requiresBuild: true
    dev: true
    optional: true

  /@mdx-js/mdx/2.1.3:
    resolution: {integrity: sha512-ahbb47HJIJ4xnifaL06tDJiSyLEy1EhFAStO7RZIm3GTa7yGW3NGhZaj+GUCveFgl5oI54pY4BgiLmYm97y+zg==}
    dependencies:
      '@types/estree-jsx': 1.0.0
      '@types/mdx': 2.0.2
      estree-util-build-jsx: 2.2.0
      estree-util-is-identifier-name: 2.0.1
      estree-util-to-js: 1.1.0
      estree-walker: 3.0.1
      hast-util-to-estree: 2.1.0
      markdown-extensions: 1.1.1
      periscopic: 3.0.4
      remark-mdx: 2.1.3
      remark-parse: 10.0.1
      remark-rehype: 10.1.0
      unified: 10.1.2
      unist-util-position-from-estree: 1.1.1
      unist-util-stringify-position: 3.0.2
      unist-util-visit: 4.1.1
      vfile: 5.3.4
    transitivePeerDependencies:
      - supports-color
    dev: true

  /@types/acorn/4.0.6:
    resolution: {integrity: sha512-veQTnWP+1D/xbxVrPC3zHnCZRjSrKfhbMUlEA43iMZLu7EsnTtkJklIuwrCPbOi8YkvDQAiW05VQQFvvz9oieQ==}
    dependencies:
      '@types/estree': 1.0.0
    dev: true

  /@types/debug/4.1.7:
    resolution: {integrity: sha512-9AonUzyTjXXhEOa0DnqpzZi6VHlqKMswga9EXjpXnnqxwLtdvPPtlO8evrI5D9S6asFRCQ6v+wpiUKbw+vKqyg==}
    dependencies:
      '@types/ms': 0.7.31
    dev: true

  /@types/es-module-lexer/0.3.0:
    resolution: {integrity: sha512-XI3MGSejUQIJ3wzY0i5IHy5J3eb36M/ytgG8jIOssP08ovtRPcjpjXQqrx51AHBNBOisTS/NQNWJitI17+EwzQ==}
    dev: true

  /@types/estree-jsx/1.0.0:
    resolution: {integrity: sha512-3qvGd0z8F2ENTGr/GG1yViqfiKmRfrXVx5sJyHGFu3z7m5g5utCQtGp/g29JnjflhtQJBv1WDQukHiT58xPcYQ==}
    dependencies:
      '@types/estree': 1.0.0
    dev: true

  /@types/estree/1.0.0:
    resolution: {integrity: sha512-WulqXMDUTYAXCjZnk6JtIHPigp55cVtDgDrO2gHRwhyJto21+1zbVCtOYB2L1F9w4qCQ0rOGWBnBe0FNTiEJIQ==}
    dev: true

  /@types/hast/2.3.4:
    resolution: {integrity: sha512-wLEm0QvaoawEDoTRwzTXp4b4jpwiJDvR5KMnFnVodm3scufTlBOWRD6N1OBf9TZMhjlNsSfcO5V+7AF4+Vy+9g==}
    dependencies:
      '@types/unist': 2.0.6
    dev: true

  /@types/mdast/3.0.10:
    resolution: {integrity: sha512-W864tg/Osz1+9f4lrGTZpCSO5/z4608eUp19tbozkq2HJK6i3z1kT0H9tlADXuYIb1YYOBByU4Jsqkk75q48qA==}
    dependencies:
      '@types/unist': 2.0.6
    dev: true

  /@types/mdurl/1.0.2:
    resolution: {integrity: sha512-eC4U9MlIcu2q0KQmXszyn5Akca/0jrQmwDRgpAMJai7qBWq4amIQhZyNau4VYGtCeALvW1/NtjzJJ567aZxfKA==}
    dev: true

  /@types/mdx/2.0.2:
    resolution: {integrity: sha512-mJGfgj4aWpiKb8C0nnJJchs1sHBHn0HugkVfqqyQi7Wn6mBRksLeQsPOFvih/Pu8L1vlDzfe/LidhVHBeUk3aQ==}
    dev: true

  /@types/ms/0.7.31:
    resolution: {integrity: sha512-iiUgKzV9AuaEkZqkOLDIvlQiL6ltuZd9tGcW3gwpnX8JbuiuhFlEGmmFXEXkN50Cvq7Os88IY2v0dkDqXYWVgA==}
    dev: true

  /@types/node/14.18.27:
    resolution: {integrity: sha512-DcTUcwT9xEcf4rp2UHyGAcmlqG4Mhe7acozl5vY2xzSrwP1z19ZVyjzQ6DsNUrvIadpiyZoQCTHFt4t2omYIZQ==}
    dev: true

  /@types/resolve/1.20.2:
    resolution: {integrity: sha512-60BCwRFOZCQhDncwQdxxeOEEkbc5dIMccYLwbxsS4TUNeVECQ/pBJ0j09mrHOl/JJvpRPGwO9SvE4nR2Nb/a4Q==}
    dev: true

  /@types/unist/2.0.6:
    resolution: {integrity: sha512-PBjIUxZHOuj0R15/xuwJYjFi+KZdNFrehocChv4g5hu6aFroHue8m0lBP0POdK2nKzbw0cgV1mws8+V/JAcEkQ==}

  /acorn-jsx/5.3.2_acorn@8.8.0:
    resolution: {integrity: sha512-rq9s+JNhf0IChjtDXxllJ7g41oZk5SlXtp0LHwyA5cejwn7vKmKp4pPri6YEePv2PU65sAsegbXtIinmDFDXgQ==}
    peerDependencies:
      acorn: ^6.0.0 || ^7.0.0 || ^8.0.0
    dependencies:
      acorn: 8.8.0
    dev: true

  /acorn/8.8.0:
    resolution: {integrity: sha512-QOxyigPVrpZ2GXT+PFyZTl6TtOFc5egxHIP9IlQ+RbupQuX4RkT/Bee4/kQuC02Xkzg84JcT7oLYtDIQxp+v7w==}
    engines: {node: '>=0.4.0'}
    hasBin: true
    dev: true

  /astring/1.8.3:
    resolution: {integrity: sha512-sRpyiNrx2dEYIMmUXprS8nlpRg2Drs8m9ElX9vVEXaCB4XEAJhKfs7IcX0IwShjuOAjLR6wzIrgoptz1n19i1A==}
    hasBin: true
    dev: true

  /bail/1.0.5:
    resolution: {integrity: sha512-xFbRxM1tahm08yHBP16MMjVUAvDaBMD38zsM9EMAUN61omwLmKlOpB/Zku5QkjZ8TZ4vn53pj+t518cH0S03RQ==}
    dev: false

  /bail/2.0.2:
    resolution: {integrity: sha512-0xO6mYd7JB2YesxDKplafRpsiOzPt9V02ddPCLbY1xYGPOX24NTyN50qnUxgCPcSoYMhKpAuBTjQoRZCAkUDRw==}
    dev: true

  /ccount/2.0.1:
    resolution: {integrity: sha512-eyrF0jiFpY+3drT6383f1qhkbGsLSifNAjA61IUjZjmLCWjItY6LB9ft9YhoDgwfmclB2zhu51Lc7+95b8NRAg==}
    dev: true

  /character-entities-html4/2.1.0:
    resolution: {integrity: sha512-1v7fgQRj6hnSwFpq1Eu0ynr/CDEw0rXo2B61qXrLNdHZmPKgb7fqS1a2JwF0rISo9q77jDI8VMEHoApn8qDoZA==}
    dev: true

  /character-entities-legacy/3.0.0:
    resolution: {integrity: sha512-RpPp0asT/6ufRm//AJVwpViZbGM/MkjQFxJccQRHmISF/22NBtsHqAWmL+/pmkPWoIUJdWyeVleTl1wydHATVQ==}
    dev: true

  /character-entities/2.0.2:
    resolution: {integrity: sha512-shx7oQ0Awen/BRIdkjkvz54PnEEI/EjwXDSIZp86/KKdbafHh1Df/RYGBhn4hbe2+uKC9FnT5UCEdyPz3ai9hQ==}
    dev: true

  /character-reference-invalid/2.0.1:
    resolution: {integrity: sha512-iBZ4F4wRbyORVsu0jPV7gXkOsGYjGHPmAyv+HiHG8gi5PtC9KI2j1+v8/tlibRvjoWX027ypmG/n0HtO5t7unw==}
    dev: true

  /comma-separated-tokens/2.0.2:
    resolution: {integrity: sha512-G5yTt3KQN4Yn7Yk4ed73hlZ1evrFKXeUW3086p3PRFNp7m2vIjI6Pg+Kgb+oyzhd9F2qdcoj67+y3SdxL5XWsg==}
    dev: true

  /debug/4.3.4:
    resolution: {integrity: sha512-PRWFHuSU3eDtQJPvnNY7Jcket1j0t5OuOsFzPPzsekD52Zl8qUfFIPEiswXqIvHWGVHOgX+7G/vCNNhehwxfkQ==}
    engines: {node: '>=6.0'}
    peerDependencies:
      supports-color: '*'
    peerDependenciesMeta:
      supports-color:
        optional: true
    dependencies:
      ms: 2.1.2
    dev: true

  /decode-named-character-reference/1.0.2:
    resolution: {integrity: sha512-O8x12RzrUF8xyVcY0KJowWsmaJxQbmy0/EtnNtHRpsOcT7dFk5W598coHqBVpmWo1oQQfsCqfCmkZN5DJrZVdg==}
    dependencies:
      character-entities: 2.0.2
    dev: true

  /dequal/2.0.3:
    resolution: {integrity: sha512-0je+qPKHEMohvfRTCEo3CrPG6cAzAYgmzKyxRiYSSDkS6eGJdyVJm7WaYA5ECaAD9wLB2T4EEeymA5aFVcYXCA==}
    engines: {node: '>=6'}
    dev: true

  /diff/5.1.0:
    resolution: {integrity: sha512-D+mk+qE8VC/PAUrlAU34N+VfXev0ghe5ywmpqrawphmVZc1bEfn56uo9qpyGp1p4xpzOHkSW4ztBd6L7Xx4ACw==}
    engines: {node: '>=0.3.1'}
    dev: true

  /esbuild-android-64/0.14.54:
    resolution: {integrity: sha512-Tz2++Aqqz0rJ7kYBfz+iqyE3QMycD4vk7LBRyWaAVFgFtQ/O8EJOnVmTOiDWYZ/uYzB4kvP+bqejYdVKzE5lAQ==}
    engines: {node: '>=12'}
    cpu: [x64]
    os: [android]
    requiresBuild: true
    dev: true
    optional: true

  /esbuild-android-arm64/0.13.8:
    resolution: {integrity: sha512-AilbChndywpk7CdKkNSZ9klxl+9MboLctXd9LwLo3b0dawmOF/i/t2U5d8LM6SbT1Xw36F8yngSUPrd8yPs2RA==}
    cpu: [arm64]
    os: [android]
    requiresBuild: true
    dev: false
    optional: true

  /esbuild-android-arm64/0.14.54:
    resolution: {integrity: sha512-F9E+/QDi9sSkLaClO8SOV6etqPd+5DgJje1F9lOWoNncDdOBL2YF59IhsWATSt0TLZbYCf3pNlTHvVV5VfHdvg==}
    engines: {node: '>=12'}
    cpu: [arm64]
    os: [android]
    requiresBuild: true
    dev: true
    optional: true

  /esbuild-darwin-64/0.13.8:
    resolution: {integrity: sha512-b6sdiT84zV5LVaoF+UoMVGJzR/iE2vNUfUDfFQGrm4LBwM/PWXweKpuu6RD9mcyCq18cLxkP6w/LD/w9DtX3ng==}
    cpu: [x64]
    os: [darwin]
    requiresBuild: true
    dev: false
    optional: true

  /esbuild-darwin-64/0.14.54:
    resolution: {integrity: sha512-jtdKWV3nBviOd5v4hOpkVmpxsBy90CGzebpbO9beiqUYVMBtSc0AL9zGftFuBon7PNDcdvNCEuQqw2x0wP9yug==}
    engines: {node: '>=12'}
    cpu: [x64]
    os: [darwin]
    requiresBuild: true
    dev: true
    optional: true

  /esbuild-darwin-arm64/0.13.8:
    resolution: {integrity: sha512-R8YuPiiJayuJJRUBG4H0VwkEKo6AvhJs2m7Tl0JaIer3u1FHHXwGhMxjJDmK+kXwTFPriSysPvcobXC/UrrZCQ==}
    cpu: [arm64]
    os: [darwin]
    requiresBuild: true
    dev: false
    optional: true

  /esbuild-darwin-arm64/0.14.54:
    resolution: {integrity: sha512-OPafJHD2oUPyvJMrsCvDGkRrVCar5aVyHfWGQzY1dWnzErjrDuSETxwA2HSsyg2jORLY8yBfzc1MIpUkXlctmw==}
    engines: {node: '>=12'}
    cpu: [arm64]
    os: [darwin]
    requiresBuild: true
    dev: true
    optional: true

  /esbuild-freebsd-64/0.13.8:
    resolution: {integrity: sha512-zBn6urrn8FnKC+YSgDxdof9jhPCeU8kR/qaamlV4gI8R3KUaUK162WYM7UyFVAlj9N0MyD3AtB+hltzu4cysTw==}
    cpu: [x64]
    os: [freebsd]
    requiresBuild: true
    dev: false
    optional: true

  /esbuild-freebsd-64/0.14.54:
    resolution: {integrity: sha512-OKwd4gmwHqOTp4mOGZKe/XUlbDJ4Q9TjX0hMPIDBUWWu/kwhBAudJdBoxnjNf9ocIB6GN6CPowYpR/hRCbSYAg==}
    engines: {node: '>=12'}
    cpu: [x64]
    os: [freebsd]
    requiresBuild: true
    dev: true
    optional: true

  /esbuild-freebsd-arm64/0.13.8:
    resolution: {integrity: sha512-pWW2slN7lGlkx0MOEBoUGwRX5UgSCLq3dy2c8RIOpiHtA87xAUpDBvZK10MykbT+aMfXc0NI2lu1X+6kI34xng==}
    cpu: [arm64]
    os: [freebsd]
    requiresBuild: true
    dev: false
    optional: true

  /esbuild-freebsd-arm64/0.14.54:
    resolution: {integrity: sha512-sFwueGr7OvIFiQT6WeG0jRLjkjdqWWSrfbVwZp8iMP+8UHEHRBvlaxL6IuKNDwAozNUmbb8nIMXa7oAOARGs1Q==}
    engines: {node: '>=12'}
    cpu: [arm64]
    os: [freebsd]
    requiresBuild: true
    dev: true
    optional: true

  /esbuild-linux-32/0.13.8:
    resolution: {integrity: sha512-T0I0ueeKVO/Is0CAeSEOG9s2jeNNb8jrrMwG9QBIm3UU18MRB60ERgkS2uV3fZ1vP2F8i3Z2e3Zju4lg9dhVmw==}
    cpu: [ia32]
    os: [linux]
    requiresBuild: true
    dev: false
    optional: true

  /esbuild-linux-32/0.14.54:
    resolution: {integrity: sha512-1ZuY+JDI//WmklKlBgJnglpUL1owm2OX+8E1syCD6UAxcMM/XoWd76OHSjl/0MR0LisSAXDqgjT3uJqT67O3qw==}
    engines: {node: '>=12'}
    cpu: [ia32]
    os: [linux]
    requiresBuild: true
    dev: true
    optional: true

  /esbuild-linux-64/0.13.8:
    resolution: {integrity: sha512-Bm8SYmFtvfDCIu9sjKppFXzRXn2BVpuCinU1ChTuMtdKI/7aPpXIrkqBNOgPTOQO9AylJJc1Zw6EvtKORhn64w==}
    cpu: [x64]
    os: [linux]
    requiresBuild: true
    dev: false
    optional: true

  /esbuild-linux-64/0.14.54:
    resolution: {integrity: sha512-EgjAgH5HwTbtNsTqQOXWApBaPVdDn7XcK+/PtJwZLT1UmpLoznPd8c5CxqsH2dQK3j05YsB3L17T8vE7cp4cCg==}
    engines: {node: '>=12'}
    cpu: [x64]
    os: [linux]
    requiresBuild: true
    dev: true
    optional: true

  /esbuild-linux-arm/0.13.8:
    resolution: {integrity: sha512-4/HfcC40LJ4GPyboHA+db0jpFarTB628D1ifU+/5bunIgY+t6mHkJWyxWxAAE8wl/ZIuRYB9RJFdYpu1AXGPdg==}
    cpu: [arm]
    os: [linux]
    requiresBuild: true
    dev: false
    optional: true

  /esbuild-linux-arm/0.14.54:
    resolution: {integrity: sha512-qqz/SjemQhVMTnvcLGoLOdFpCYbz4v4fUo+TfsWG+1aOu70/80RV6bgNpR2JCrppV2moUQkww+6bWxXRL9YMGw==}
    engines: {node: '>=12'}
    cpu: [arm]
    os: [linux]
    requiresBuild: true
    dev: true
    optional: true

  /esbuild-linux-arm64/0.13.8:
    resolution: {integrity: sha512-X4pWZ+SL+FJ09chWFgRNO3F+YtvAQRcWh0uxKqZSWKiWodAB20flsW/OWFYLXBKiVCTeoGMvENZS/GeVac7+tQ==}
    cpu: [arm64]
    os: [linux]
    requiresBuild: true
    dev: false
    optional: true

  /esbuild-linux-arm64/0.14.54:
    resolution: {integrity: sha512-WL71L+0Rwv+Gv/HTmxTEmpv0UgmxYa5ftZILVi2QmZBgX3q7+tDeOQNqGtdXSdsL8TQi1vIaVFHUPDe0O0kdig==}
    engines: {node: '>=12'}
    cpu: [arm64]
    os: [linux]
    requiresBuild: true
    dev: true
    optional: true

  /esbuild-linux-mips64le/0.13.8:
    resolution: {integrity: sha512-o7e0D+sqHKT31v+mwFircJFjwSKVd2nbkHEn4l9xQ1hLR+Bv8rnt3HqlblY3+sBdlrOTGSwz0ReROlKUMJyldA==}
    cpu: [mips64el]
    os: [linux]
    requiresBuild: true
    dev: false
    optional: true

  /esbuild-linux-mips64le/0.14.54:
    resolution: {integrity: sha512-qTHGQB8D1etd0u1+sB6p0ikLKRVuCWhYQhAHRPkO+OF3I/iSlTKNNS0Lh2Oc0g0UFGguaFZZiPJdJey3AGpAlw==}
    engines: {node: '>=12'}
    cpu: [mips64el]
    os: [linux]
    requiresBuild: true
    dev: true
    optional: true

  /esbuild-linux-ppc64le/0.13.8:
    resolution: {integrity: sha512-eZSQ0ERsWkukJp2px/UWJHVNuy0lMoz/HZcRWAbB6reoaBw7S9vMzYNUnflfL3XA6WDs+dZn3ekHE4Y2uWLGig==}
    cpu: [ppc64]
    os: [linux]
    requiresBuild: true
    dev: false
    optional: true

  /esbuild-linux-ppc64le/0.14.54:
    resolution: {integrity: sha512-j3OMlzHiqwZBDPRCDFKcx595XVfOfOnv68Ax3U4UKZ3MTYQB5Yz3X1mn5GnodEVYzhtZgxEBidLWeIs8FDSfrQ==}
    engines: {node: '>=12'}
    cpu: [ppc64]
    os: [linux]
    requiresBuild: true
    dev: true
    optional: true

  /esbuild-linux-riscv64/0.14.54:
    resolution: {integrity: sha512-y7Vt7Wl9dkOGZjxQZnDAqqn+XOqFD7IMWiewY5SPlNlzMX39ocPQlOaoxvT4FllA5viyV26/QzHtvTjVNOxHZg==}
    engines: {node: '>=12'}
    cpu: [riscv64]
    os: [linux]
    requiresBuild: true
    dev: true
    optional: true

  /esbuild-linux-s390x/0.14.54:
    resolution: {integrity: sha512-zaHpW9dziAsi7lRcyV4r8dhfG1qBidQWUXweUjnw+lliChJqQr+6XD71K41oEIC3Mx1KStovEmlzm+MkGZHnHA==}
    engines: {node: '>=12'}
    cpu: [s390x]
    os: [linux]
    requiresBuild: true
    dev: true
    optional: true

  /esbuild-netbsd-64/0.13.8:
    resolution: {integrity: sha512-gZX4kP7gVvOrvX0ZwgHmbuHczQUwqYppxqtoyC7VNd80t5nBHOFXVhWo2Ad/Lms0E8b+wwgI/WjZFTCpUHOg9Q==}
    cpu: [x64]
    os: [netbsd]
    requiresBuild: true
    dev: false
    optional: true

  /esbuild-netbsd-64/0.14.54:
    resolution: {integrity: sha512-PR01lmIMnfJTgeU9VJTDY9ZerDWVFIUzAtJuDHwwceppW7cQWjBBqP48NdeRtoP04/AtO9a7w3viI+PIDr6d+w==}
    engines: {node: '>=12'}
    cpu: [x64]
    os: [netbsd]
    requiresBuild: true
    dev: true
    optional: true

  /esbuild-openbsd-64/0.13.8:
    resolution: {integrity: sha512-afzza308X4WmcebexbTzAgfEWt9MUkdTvwIa8xOu4CM2qGbl2LanqEl8/LUs8jh6Gqw6WsicEK52GPrS9wvkcw==}
    cpu: [x64]
    os: [openbsd]
    requiresBuild: true
    dev: false
    optional: true

  /esbuild-openbsd-64/0.14.54:
    resolution: {integrity: sha512-Qyk7ikT2o7Wu76UsvvDS5q0amJvmRzDyVlL0qf5VLsLchjCa1+IAvd8kTBgUxD7VBUUVgItLkk609ZHUc1oCaw==}
    engines: {node: '>=12'}
    cpu: [x64]
    os: [openbsd]
    requiresBuild: true
    dev: true
    optional: true

  /esbuild-sunos-64/0.13.8:
    resolution: {integrity: sha512-mWPZibmBbuMKD+LDN23LGcOZ2EawMYBONMXXHmbuxeT0XxCNwadbCVwUQ/2p5Dp5Kvf6mhrlIffcnWOiCBpiVw==}
    cpu: [x64]
    os: [sunos]
    requiresBuild: true
    dev: false
    optional: true

  /esbuild-sunos-64/0.14.54:
    resolution: {integrity: sha512-28GZ24KmMSeKi5ueWzMcco6EBHStL3B6ubM7M51RmPwXQGLe0teBGJocmWhgwccA1GeFXqxzILIxXpHbl9Q/Kw==}
    engines: {node: '>=12'}
    cpu: [x64]
    os: [sunos]
    requiresBuild: true
    dev: true
    optional: true

  /esbuild-windows-32/0.13.8:
    resolution: {integrity: sha512-QsZ1HnWIcnIEApETZWw8HlOhDSWqdZX2SylU7IzGxOYyVcX7QI06ety/aDcn437mwyO7Ph4RrbhB+2ntM8kX8A==}
    cpu: [ia32]
    os: [win32]
    requiresBuild: true
    dev: false
    optional: true

  /esbuild-windows-32/0.14.54:
    resolution: {integrity: sha512-T+rdZW19ql9MjS7pixmZYVObd9G7kcaZo+sETqNH4RCkuuYSuv9AGHUVnPoP9hhuE1WM1ZimHz1CIBHBboLU7w==}
    engines: {node: '>=12'}
    cpu: [ia32]
    os: [win32]
    requiresBuild: true
    dev: true
    optional: true

  /esbuild-windows-64/0.13.8:
    resolution: {integrity: sha512-76Fb57B9eE/JmJi1QmUW0tRLQZfGo0it+JeYoCDTSlbTn7LV44ecOHIMJSSgZADUtRMWT9z0Kz186bnaB3amSg==}
    cpu: [x64]
    os: [win32]
    requiresBuild: true
    dev: false
    optional: true

  /esbuild-windows-64/0.14.54:
    resolution: {integrity: sha512-AoHTRBUuYwXtZhjXZbA1pGfTo8cJo3vZIcWGLiUcTNgHpJJMC1rVA44ZereBHMJtotyN71S8Qw0npiCIkW96cQ==}
    engines: {node: '>=12'}
    cpu: [x64]
    os: [win32]
    requiresBuild: true
    dev: true
    optional: true

  /esbuild-windows-arm64/0.13.8:
    resolution: {integrity: sha512-HW6Mtq5eTudllxY2YgT62MrVcn7oq2o8TAoAvDUhyiEmRmDY8tPwAhb1vxw5/cdkbukM3KdMYtksnUhF/ekWeg==}
    cpu: [arm64]
    os: [win32]
    requiresBuild: true
    dev: false
    optional: true

  /esbuild-windows-arm64/0.14.54:
    resolution: {integrity: sha512-M0kuUvXhot1zOISQGXwWn6YtS+Y/1RT9WrVIOywZnJHo3jCDyewAc79aKNQWFCQm+xNHVTq9h8dZKvygoXQQRg==}
    engines: {node: '>=12'}
    cpu: [arm64]
    os: [win32]
    requiresBuild: true
    dev: true
    optional: true

  /esbuild/0.13.8:
    resolution: {integrity: sha512-A4af7G7YZLfG5OnARJRMtlpEsCkq/zHZQXewgPA864l9D6VjjbH1SuFYK/OSV6BtHwDGkdwyRrX0qQFLnMfUcw==}
    hasBin: true
    requiresBuild: true
    optionalDependencies:
      esbuild-android-arm64: 0.13.8
      esbuild-darwin-64: 0.13.8
      esbuild-darwin-arm64: 0.13.8
      esbuild-freebsd-64: 0.13.8
      esbuild-freebsd-arm64: 0.13.8
      esbuild-linux-32: 0.13.8
      esbuild-linux-64: 0.13.8
      esbuild-linux-arm: 0.13.8
      esbuild-linux-arm64: 0.13.8
      esbuild-linux-mips64le: 0.13.8
      esbuild-linux-ppc64le: 0.13.8
      esbuild-netbsd-64: 0.13.8
      esbuild-openbsd-64: 0.13.8
      esbuild-sunos-64: 0.13.8
      esbuild-windows-32: 0.13.8
      esbuild-windows-64: 0.13.8
      esbuild-windows-arm64: 0.13.8
    dev: false

  /esbuild/0.14.54:
    resolution: {integrity: sha512-Cy9llcy8DvET5uznocPyqL3BFRrFXSVqbgpMJ9Wz8oVjZlh/zUSNbPRbov0VX7VxN2JH1Oa0uNxZ7eLRb62pJA==}
    engines: {node: '>=12'}
    hasBin: true
    requiresBuild: true
    optionalDependencies:
      '@esbuild/linux-loong64': 0.14.54
      esbuild-android-64: 0.14.54
      esbuild-android-arm64: 0.14.54
      esbuild-darwin-64: 0.14.54
      esbuild-darwin-arm64: 0.14.54
      esbuild-freebsd-64: 0.14.54
      esbuild-freebsd-arm64: 0.14.54
      esbuild-linux-32: 0.14.54
      esbuild-linux-64: 0.14.54
      esbuild-linux-arm: 0.14.54
      esbuild-linux-arm64: 0.14.54
      esbuild-linux-mips64le: 0.14.54
      esbuild-linux-ppc64le: 0.14.54
      esbuild-linux-riscv64: 0.14.54
      esbuild-linux-s390x: 0.14.54
      esbuild-netbsd-64: 0.14.54
      esbuild-openbsd-64: 0.14.54
      esbuild-sunos-64: 0.14.54
      esbuild-windows-32: 0.14.54
      esbuild-windows-64: 0.14.54
      esbuild-windows-arm64: 0.14.54
    dev: true

  /estree-util-attach-comments/2.1.0:
    resolution: {integrity: sha512-rJz6I4L0GaXYtHpoMScgDIwM0/Vwbu5shbMeER596rB2D1EWF6+Gj0e0UKzJPZrpoOc87+Q2kgVFHfjAymIqmw==}
    dependencies:
      '@types/estree': 1.0.0
    dev: true

  /estree-util-build-jsx/2.2.0:
    resolution: {integrity: sha512-apsfRxF9uLrqosApvHVtYZjISPvTJ+lBiIydpC+9wE6cF6ssbhnjyQLqaIjgzGxvC2Hbmec1M7g91PoBayYoQQ==}
    dependencies:
      '@types/estree-jsx': 1.0.0
      estree-util-is-identifier-name: 2.0.1
      estree-walker: 3.0.1
    dev: true

  /estree-util-is-identifier-name/2.0.1:
    resolution: {integrity: sha512-rxZj1GkQhY4x1j/CSnybK9cGuMFQYFPLq0iNyopqf14aOVLFtMv7Esika+ObJWPWiOHuMOAHz3YkWoLYYRnzWQ==}
    dev: true

  /estree-util-to-js/1.1.0:
    resolution: {integrity: sha512-490lbfCcpLk+ofK6HCgqDfYs4KAfq6QVvDw3+Bm1YoKRgiOjKiKYGAVQE1uwh7zVxBgWhqp4FDtp5SqunpUk1A==}
    dependencies:
      '@types/estree-jsx': 1.0.0
      astring: 1.8.3
      source-map: 0.7.4
    dev: true

  /estree-util-visit/1.2.0:
    resolution: {integrity: sha512-wdsoqhWueuJKsh5hqLw3j8lwFqNStm92VcwtAOAny8g/KS/l5Y8RISjR4k5W6skCj3Nirag/WUCMS0Nfy3sgsg==}
    dependencies:
      '@types/estree-jsx': 1.0.0
      '@types/unist': 2.0.6
    dev: true

  /estree-walker/3.0.1:
    resolution: {integrity: sha512-woY0RUD87WzMBUiZLx8NsYr23N5BKsOMZHhu2hoNRVh6NXGfoiT1KOL8G3UHlJAnEDGmfa5ubNA/AacfG+Kb0g==}
    dev: true

  /extend/3.0.2:
    resolution: {integrity: sha512-fjquC59cD7CyW6urNXK0FBufkZcoiGG80wTuPujX590cB5Ttln20E2UB4S/WARVqhXffZl2LNgS+gQdPIIim/g==}

  /fsevents/2.3.2:
    resolution: {integrity: sha512-xiqMQR4xAeHTuB9uWm+fFRcIOgKBMiOBP+eXiyT7jsgVCq1bkVygt00oASowB7EdtpOHaaPgKt812P9ab+DDKA==}
    engines: {node: ^8.16.0 || ^10.6.0 || >=11.0.0}
    os: [darwin]
    requiresBuild: true
    dev: true
    optional: true

  /function-bind/1.1.1:
    resolution: {integrity: sha512-yIovAzMX49sF8Yl58fSCWJ5svSLuaibPxXQJFLmBObTuCr0Mf1KiPopGM9NiFjiYBCbfaa2Fh6breQ6ANVTI0A==}

  /has/1.0.3:
    resolution: {integrity: sha512-f2dvO0VU6Oej7RkWJGrehjbzMAjFp5/VKPp5tTpWIV4JHHZK1/BxbFRtf/siA2SWTe09caDmVtYYzWEIbBS4zw==}
    engines: {node: '>= 0.4.0'}
    dependencies:
      function-bind: 1.1.1

  /hast-util-to-estree/2.1.0:
    resolution: {integrity: sha512-Vwch1etMRmm89xGgz+voWXvVHba2iiMdGMKmaMfYt35rbVtFDq8JNwwAIvi8zHMkO6Gvqo9oTMwJTmzVRfXh4g==}
    dependencies:
      '@types/estree': 1.0.0
      '@types/estree-jsx': 1.0.0
      '@types/hast': 2.3.4
      '@types/unist': 2.0.6
      comma-separated-tokens: 2.0.2
      estree-util-attach-comments: 2.1.0
      estree-util-is-identifier-name: 2.0.1
      hast-util-whitespace: 2.0.0
      mdast-util-mdx-expression: 1.3.0
      mdast-util-mdxjs-esm: 1.3.0
      property-information: 6.1.1
      space-separated-tokens: 2.0.1
      style-to-object: 0.3.0
      unist-util-position: 4.0.3
      zwitch: 2.0.2
    transitivePeerDependencies:
      - supports-color
    dev: true

  /hast-util-whitespace/2.0.0:
    resolution: {integrity: sha512-Pkw+xBHuV6xFeJprJe2BBEoDV+AvQySaz3pPDRUs5PNZEMQjpXJJueqrpcHIXxnWTcAGi/UOCgVShlkY6kLoqg==}
    dev: true

  /inline-style-parser/0.1.1:
    resolution: {integrity: sha512-7NXolsK4CAS5+xvdj5OMMbI962hU/wvwoxk+LWR9Ek9bVtyuuYScDN6eS0rUm6TxApFpw7CX1o4uJzcd4AyD3Q==}
    dev: true

  /is-alphabetical/2.0.1:
    resolution: {integrity: sha512-FWyyY60MeTNyeSRpkM2Iry0G9hpr7/9kD40mD/cGQEuilcZYS4okz8SN2Q6rLCJ8gbCt6fN+rC+6tMGS99LaxQ==}
    dev: true

  /is-alphanumerical/2.0.1:
    resolution: {integrity: sha512-hmbYhX/9MUMF5uh7tOXyK/n0ZvWpad5caBA17GsC6vyuCqaWliRG5K1qS9inmUhEMaOBIW7/whAnSwveW/LtZw==}
    dependencies:
      is-alphabetical: 2.0.1
      is-decimal: 2.0.1
    dev: true

  /is-buffer/2.0.5:
    resolution: {integrity: sha512-i2R6zNFDwgEHJyQUtJEk0XFi1i0dPFn/oqjK3/vPCcDeJvW5NQ83V8QbicfF1SupOaB0h8ntgBC2YiE7dfyctQ==}
    engines: {node: '>=4'}

  /is-core-module/2.10.0:
    resolution: {integrity: sha512-Erxj2n/LDAZ7H8WNJXd9tw38GYM3dv8rk8Zcs+jJuxYTW7sozH+SS8NtrSjVL1/vpLvWi1hxy96IzjJ3EHTJJg==}
    dependencies:
      has: 1.0.3

  /is-decimal/2.0.1:
    resolution: {integrity: sha512-AAB9hiomQs5DXWcRB1rqsxGUstbRroFOPPVAomNk/3XHR5JyEZChOyTWe2oayKnsSsr/kcGqF+z6yuH6HHpN0A==}
    dev: true

  /is-hexadecimal/2.0.1:
    resolution: {integrity: sha512-DgZQp241c8oO6cA1SbTEWiXeoxV42vlcJxgH+B3hi1AiqqKruZR3ZGF8In3fj4+/y/7rHvlOZLZtgJ/4ttYGZg==}
    dev: true

  /is-plain-obj/2.1.0:
    resolution: {integrity: sha512-YWnfyRwxL/+SsrWYfOpUtz5b3YD+nyfkHvjbcanzk8zgyO4ASD67uVMRt8k5bM4lLMDnXfriRhOpemw+NfT1eA==}
    engines: {node: '>=8'}
    dev: false

  /is-plain-obj/4.1.0:
    resolution: {integrity: sha512-+Pgi+vMuUNkJyExiMBt5IlFoMyKnr5zhJ4Uspz58WOhBF5QoIZkFyNHIbBAtHwzVAgk5RtndVNsDRN61/mmDqg==}
    engines: {node: '>=12'}
    dev: true

  /is-reference/3.0.0:
    resolution: {integrity: sha512-Eo1W3wUoHWoCoVM4GVl/a+K0IgiqE5aIo4kJABFyMum1ZORlPkC+UC357sSQUL5w5QCE5kCC9upl75b7+7CY/Q==}
    dependencies:
      '@types/estree': 1.0.0
    dev: true

  /kleur/4.1.5:
    resolution: {integrity: sha512-o+NO+8WrRiQEE4/7nwRJhN1HWpVmJm511pBHUxPLtp0BUISzlBplORYSmTclCnJvQq2tKu/sgl3xVpkc7ZWuQQ==}
    engines: {node: '>=6'}
    dev: true

  /longest-streak/3.0.1:
    resolution: {integrity: sha512-cHlYSUpL2s7Fb3394mYxwTYj8niTaNHUCLr0qdiCXQfSjfuA7CKofpX2uSwEfFDQ0EB7JcnMnm+GjbqqoinYYg==}
    dev: true

  /markdown-extensions/1.1.1:
    resolution: {integrity: sha512-WWC0ZuMzCyDHYCasEGs4IPvLyTGftYwh6wIEOULOF0HXcqZlhwRzrK0w2VUlxWA98xnvb/jszw4ZSkJ6ADpM6Q==}
    engines: {node: '>=0.10.0'}
    dev: true

  /mdast-util-definitions/5.1.1:
    resolution: {integrity: sha512-rQ+Gv7mHttxHOBx2dkF4HWTg+EE+UR78ptQWDylzPKaQuVGdG4HIoY3SrS/pCp80nZ04greFvXbVFHT+uf0JVQ==}
    dependencies:
      '@types/mdast': 3.0.10
      '@types/unist': 2.0.6
      unist-util-visit: 4.1.1
    dev: true

  /mdast-util-from-markdown/1.2.0:
    resolution: {integrity: sha512-iZJyyvKD1+K7QX1b5jXdE7Sc5dtoTry1vzV28UZZe8Z1xVnB/czKntJ7ZAkG0tANqRnBF6p3p7GpU1y19DTf2Q==}
    dependencies:
      '@types/mdast': 3.0.10
      '@types/unist': 2.0.6
      decode-named-character-reference: 1.0.2
      mdast-util-to-string: 3.1.0
      micromark: 3.0.10
      micromark-util-decode-numeric-character-reference: 1.0.0
      micromark-util-decode-string: 1.0.2
      micromark-util-normalize-identifier: 1.0.0
      micromark-util-symbol: 1.0.1
      micromark-util-types: 1.0.2
      unist-util-stringify-position: 3.0.2
      uvu: 0.5.6
    transitivePeerDependencies:
      - supports-color
    dev: true

  /mdast-util-mdx-expression/1.3.0:
    resolution: {integrity: sha512-9kTO13HaL/ChfzVCIEfDRdp1m5hsvsm6+R8yr67mH+KS2ikzZ0ISGLPTbTswOFpLLlgVHO9id3cul4ajutCvCA==}
    dependencies:
      '@types/estree-jsx': 1.0.0
      '@types/hast': 2.3.4
      '@types/mdast': 3.0.10
      mdast-util-from-markdown: 1.2.0
      mdast-util-to-markdown: 1.3.0
    transitivePeerDependencies:
      - supports-color
    dev: true

  /mdast-util-mdx-jsx/2.1.0:
    resolution: {integrity: sha512-KzgzfWMhdteDkrY4mQtyvTU5bc/W4ppxhe9SzelO6QUUiwLAM+Et2Dnjjprik74a336kHdo0zKm7Tp+n6FFeRg==}
    dependencies:
      '@types/estree-jsx': 1.0.0
      '@types/hast': 2.3.4
      '@types/mdast': 3.0.10
      ccount: 2.0.1
      mdast-util-to-markdown: 1.3.0
      parse-entities: 4.0.0
      stringify-entities: 4.0.3
      unist-util-remove-position: 4.0.1
      unist-util-stringify-position: 3.0.2
      vfile-message: 3.1.2
    dev: true

  /mdast-util-mdx/2.0.0:
    resolution: {integrity: sha512-M09lW0CcBT1VrJUaF/PYxemxxHa7SLDHdSn94Q9FhxjCQfuW7nMAWKWimTmA3OyDMSTH981NN1csW1X+HPSluw==}
    dependencies:
      mdast-util-mdx-expression: 1.3.0
      mdast-util-mdx-jsx: 2.1.0
      mdast-util-mdxjs-esm: 1.3.0
    transitivePeerDependencies:
      - supports-color
    dev: true

  /mdast-util-mdxjs-esm/1.3.0:
    resolution: {integrity: sha512-7N5ihsOkAEGjFotIX9p/YPdl4TqUoMxL4ajNz7PbT89BqsdWJuBC9rvgt6wpbwTZqWWR0jKWqQbwsOWDBUZv4g==}
    dependencies:
      '@types/estree-jsx': 1.0.0
      '@types/hast': 2.3.4
      '@types/mdast': 3.0.10
      mdast-util-from-markdown: 1.2.0
      mdast-util-to-markdown: 1.3.0
    transitivePeerDependencies:
      - supports-color
    dev: true

  /mdast-util-to-hast/12.2.1:
    resolution: {integrity: sha512-dyindR2P7qOqXO1hQirZeGtVbiX7xlNQbw7gGaAwN4A1dh4+X8xU/JyYmRoyB8Fu1uPXzp7mlL5QwW7k+knvgA==}
    dependencies:
      '@types/hast': 2.3.4
      '@types/mdast': 3.0.10
      '@types/mdurl': 1.0.2
      mdast-util-definitions: 5.1.1
      mdurl: 1.0.1
      micromark-util-sanitize-uri: 1.0.0
      trim-lines: 3.0.1
      unist-builder: 3.0.0
      unist-util-generated: 2.0.0
      unist-util-position: 4.0.3
      unist-util-visit: 4.1.1
    dev: true

  /mdast-util-to-markdown/1.3.0:
    resolution: {integrity: sha512-6tUSs4r+KK4JGTTiQ7FfHmVOaDrLQJPmpjD6wPMlHGUVXoG9Vjc3jIeP+uyBWRf8clwB2blM+W7+KrlMYQnftA==}
    dependencies:
      '@types/mdast': 3.0.10
      '@types/unist': 2.0.6
      longest-streak: 3.0.1
      mdast-util-to-string: 3.1.0
      micromark-util-decode-string: 1.0.2
      unist-util-visit: 4.1.1
      zwitch: 2.0.2
    dev: true

  /mdast-util-to-string/3.1.0:
    resolution: {integrity: sha512-n4Vypz/DZgwo0iMHLQL49dJzlp7YtAJP+N07MZHpjPf/5XJuHUWstviF4Mn2jEiR/GNmtnRRqnwsXExk3igfFA==}
    dev: true

  /mdurl/1.0.1:
    resolution: {integrity: sha512-/sKlQJCBYVY9Ers9hqzKou4H6V5UWc/M59TH2dvkt+84itfnq7uFOMLpOiOS4ujvHP4etln18fmIxA5R5fll0g==}
    dev: true

  /micromark-core-commonmark/1.0.6:
    resolution: {integrity: sha512-K+PkJTxqjFfSNkfAhp4GB+cZPfQd6dxtTXnf+RjZOV7T4EEXnvgzOcnp+eSTmpGk9d1S9sL6/lqrgSNn/s0HZA==}
    dependencies:
      decode-named-character-reference: 1.0.2
      micromark-factory-destination: 1.0.0
      micromark-factory-label: 1.0.2
      micromark-factory-space: 1.0.0
      micromark-factory-title: 1.0.2
      micromark-factory-whitespace: 1.0.0
      micromark-util-character: 1.1.0
      micromark-util-chunked: 1.0.0
      micromark-util-classify-character: 1.0.0
      micromark-util-html-tag-name: 1.1.0
      micromark-util-normalize-identifier: 1.0.0
      micromark-util-resolve-all: 1.0.0
      micromark-util-subtokenize: 1.0.2
      micromark-util-symbol: 1.0.1
      micromark-util-types: 1.0.2
      uvu: 0.5.6
    dev: true

  /micromark-extension-mdx-expression/1.0.3:
    resolution: {integrity: sha512-TjYtjEMszWze51NJCZmhv7MEBcgYRgb3tJeMAJ+HQCAaZHHRBaDCccqQzGizR/H4ODefP44wRTgOn2vE5I6nZA==}
    dependencies:
      micromark-factory-mdx-expression: 1.0.6
      micromark-factory-space: 1.0.0
      micromark-util-character: 1.1.0
      micromark-util-events-to-acorn: 1.2.0
      micromark-util-symbol: 1.0.1
      micromark-util-types: 1.0.2
      uvu: 0.5.6
    dev: true

  /micromark-extension-mdx-jsx/1.0.3:
    resolution: {integrity: sha512-VfA369RdqUISF0qGgv2FfV7gGjHDfn9+Qfiv5hEwpyr1xscRj/CiVRkU7rywGFCO7JwJ5L0e7CJz60lY52+qOA==}
    dependencies:
      '@types/acorn': 4.0.6
      estree-util-is-identifier-name: 2.0.1
      micromark-factory-mdx-expression: 1.0.6
      micromark-factory-space: 1.0.0
      micromark-util-character: 1.1.0
      micromark-util-symbol: 1.0.1
      micromark-util-types: 1.0.2
      uvu: 0.5.6
      vfile-message: 3.1.2
    dev: true

  /micromark-extension-mdx-md/1.0.0:
    resolution: {integrity: sha512-xaRAMoSkKdqZXDAoSgp20Azm0aRQKGOl0RrS81yGu8Hr/JhMsBmfs4wR7m9kgVUIO36cMUQjNyiyDKPrsv8gOw==}
    dependencies:
      micromark-util-types: 1.0.2
    dev: true

  /micromark-extension-mdxjs-esm/1.0.3:
    resolution: {integrity: sha512-2N13ol4KMoxb85rdDwTAC6uzs8lMX0zeqpcyx7FhS7PxXomOnLactu8WI8iBNXW8AVyea3KIJd/1CKnUmwrK9A==}
    dependencies:
      micromark-core-commonmark: 1.0.6
      micromark-util-character: 1.1.0
      micromark-util-events-to-acorn: 1.2.0
      micromark-util-symbol: 1.0.1
      micromark-util-types: 1.0.2
      unist-util-position-from-estree: 1.1.1
      uvu: 0.5.6
      vfile-message: 3.1.2
    dev: true

  /micromark-extension-mdxjs/1.0.0:
    resolution: {integrity: sha512-TZZRZgeHvtgm+IhtgC2+uDMR7h8eTKF0QUX9YsgoL9+bADBpBY6SiLvWqnBlLbCEevITmTqmEuY3FoxMKVs1rQ==}
    dependencies:
      acorn: 8.8.0
      acorn-jsx: 5.3.2_acorn@8.8.0
      micromark-extension-mdx-expression: 1.0.3
      micromark-extension-mdx-jsx: 1.0.3
      micromark-extension-mdx-md: 1.0.0
      micromark-extension-mdxjs-esm: 1.0.3
      micromark-util-combine-extensions: 1.0.0
      micromark-util-types: 1.0.2
    dev: true

  /micromark-factory-destination/1.0.0:
    resolution: {integrity: sha512-eUBA7Rs1/xtTVun9TmV3gjfPz2wEwgK5R5xcbIM5ZYAtvGF6JkyaDsj0agx8urXnO31tEO6Ug83iVH3tdedLnw==}
    dependencies:
      micromark-util-character: 1.1.0
      micromark-util-symbol: 1.0.1
      micromark-util-types: 1.0.2
    dev: true

  /micromark-factory-label/1.0.2:
    resolution: {integrity: sha512-CTIwxlOnU7dEshXDQ+dsr2n+yxpP0+fn271pu0bwDIS8uqfFcumXpj5mLn3hSC8iw2MUr6Gx8EcKng1dD7i6hg==}
    dependencies:
      micromark-util-character: 1.1.0
      micromark-util-symbol: 1.0.1
      micromark-util-types: 1.0.2
      uvu: 0.5.6
    dev: true

  /micromark-factory-mdx-expression/1.0.6:
    resolution: {integrity: sha512-WRQIc78FV7KrCfjsEf/sETopbYjElh3xAmNpLkd1ODPqxEngP42eVRGbiPEQWpRV27LzqW+XVTvQAMIIRLPnNA==}
    dependencies:
      micromark-factory-space: 1.0.0
      micromark-util-character: 1.1.0
      micromark-util-events-to-acorn: 1.2.0
      micromark-util-symbol: 1.0.1
      micromark-util-types: 1.0.2
      unist-util-position-from-estree: 1.1.1
      uvu: 0.5.6
      vfile-message: 3.1.2
    dev: true

  /micromark-factory-space/1.0.0:
    resolution: {integrity: sha512-qUmqs4kj9a5yBnk3JMLyjtWYN6Mzfcx8uJfi5XAveBniDevmZasdGBba5b4QsvRcAkmvGo5ACmSUmyGiKTLZew==}
    dependencies:
      micromark-util-character: 1.1.0
      micromark-util-types: 1.0.2
    dev: true

  /micromark-factory-title/1.0.2:
    resolution: {integrity: sha512-zily+Nr4yFqgMGRKLpTVsNl5L4PMu485fGFDOQJQBl2NFpjGte1e86zC0da93wf97jrc4+2G2GQudFMHn3IX+A==}
    dependencies:
      micromark-factory-space: 1.0.0
      micromark-util-character: 1.1.0
      micromark-util-symbol: 1.0.1
      micromark-util-types: 1.0.2
      uvu: 0.5.6
    dev: true

  /micromark-factory-whitespace/1.0.0:
    resolution: {integrity: sha512-Qx7uEyahU1lt1RnsECBiuEbfr9INjQTGa6Err+gF3g0Tx4YEviPbqqGKNv/NrBaE7dVHdn1bVZKM/n5I/Bak7A==}
    dependencies:
      micromark-factory-space: 1.0.0
      micromark-util-character: 1.1.0
      micromark-util-symbol: 1.0.1
      micromark-util-types: 1.0.2
    dev: true

  /micromark-util-character/1.1.0:
    resolution: {integrity: sha512-agJ5B3unGNJ9rJvADMJ5ZiYjBRyDpzKAOk01Kpi1TKhlT1APx3XZk6eN7RtSz1erbWHC2L8T3xLZ81wdtGRZzg==}
    dependencies:
      micromark-util-symbol: 1.0.1
      micromark-util-types: 1.0.2
    dev: true

  /micromark-util-chunked/1.0.0:
    resolution: {integrity: sha512-5e8xTis5tEZKgesfbQMKRCyzvffRRUX+lK/y+DvsMFdabAicPkkZV6gO+FEWi9RfuKKoxxPwNL+dFF0SMImc1g==}
    dependencies:
      micromark-util-symbol: 1.0.1
    dev: true

  /micromark-util-classify-character/1.0.0:
    resolution: {integrity: sha512-F8oW2KKrQRb3vS5ud5HIqBVkCqQi224Nm55o5wYLzY/9PwHGXC01tr3d7+TqHHz6zrKQ72Okwtvm/xQm6OVNZA==}
    dependencies:
      micromark-util-character: 1.1.0
      micromark-util-symbol: 1.0.1
      micromark-util-types: 1.0.2
    dev: true

  /micromark-util-combine-extensions/1.0.0:
    resolution: {integrity: sha512-J8H058vFBdo/6+AsjHp2NF7AJ02SZtWaVUjsayNFeAiydTxUwViQPxN0Hf8dp4FmCQi0UUFovFsEyRSUmFH3MA==}
    dependencies:
      micromark-util-chunked: 1.0.0
      micromark-util-types: 1.0.2
    dev: true

  /micromark-util-decode-numeric-character-reference/1.0.0:
    resolution: {integrity: sha512-OzO9AI5VUtrTD7KSdagf4MWgHMtET17Ua1fIpXTpuhclCqD8egFWo85GxSGvxgkGS74bEahvtM0WP0HjvV0e4w==}
    dependencies:
      micromark-util-symbol: 1.0.1
    dev: true

  /micromark-util-decode-string/1.0.2:
    resolution: {integrity: sha512-DLT5Ho02qr6QWVNYbRZ3RYOSSWWFuH3tJexd3dgN1odEuPNxCngTCXJum7+ViRAd9BbdxCvMToPOD/IvVhzG6Q==}
    dependencies:
      decode-named-character-reference: 1.0.2
      micromark-util-character: 1.1.0
      micromark-util-decode-numeric-character-reference: 1.0.0
      micromark-util-symbol: 1.0.1
    dev: true

  /micromark-util-encode/1.0.1:
    resolution: {integrity: sha512-U2s5YdnAYexjKDel31SVMPbfi+eF8y1U4pfiRW/Y8EFVCy/vgxk/2wWTxzcqE71LHtCuCzlBDRU2a5CQ5j+mQA==}
    dev: true

  /micromark-util-events-to-acorn/1.2.0:
    resolution: {integrity: sha512-WWp3bf7xT9MppNuw3yPjpnOxa8cj5ACivEzXJKu0WwnjBYfzaBvIAT9KfeyI0Qkll+bfQtfftSwdgTH6QhTOKw==}
    dependencies:
      '@types/acorn': 4.0.6
      '@types/estree': 1.0.0
      estree-util-visit: 1.2.0
      micromark-util-types: 1.0.2
      uvu: 0.5.6
      vfile-location: 4.0.1
      vfile-message: 3.1.2
    dev: true

  /micromark-util-html-tag-name/1.1.0:
    resolution: {integrity: sha512-BKlClMmYROy9UiV03SwNmckkjn8QHVaWkqoAqzivabvdGcwNGMMMH/5szAnywmsTBUzDsU57/mFi0sp4BQO6dA==}
    dev: true

  /micromark-util-normalize-identifier/1.0.0:
    resolution: {integrity: sha512-yg+zrL14bBTFrQ7n35CmByWUTFsgst5JhA4gJYoty4Dqzj4Z4Fr/DHekSS5aLfH9bdlfnSvKAWsAgJhIbogyBg==}
    dependencies:
      micromark-util-symbol: 1.0.1
    dev: true

  /micromark-util-resolve-all/1.0.0:
    resolution: {integrity: sha512-CB/AGk98u50k42kvgaMM94wzBqozSzDDaonKU7P7jwQIuH2RU0TeBqGYJz2WY1UdihhjweivStrJ2JdkdEmcfw==}
    dependencies:
      micromark-util-types: 1.0.2
    dev: true

  /micromark-util-sanitize-uri/1.0.0:
    resolution: {integrity: sha512-cCxvBKlmac4rxCGx6ejlIviRaMKZc0fWm5HdCHEeDWRSkn44l6NdYVRyU+0nT1XC72EQJMZV8IPHF+jTr56lAg==}
    dependencies:
      micromark-util-character: 1.1.0
      micromark-util-encode: 1.0.1
      micromark-util-symbol: 1.0.1
    dev: true

  /micromark-util-subtokenize/1.0.2:
    resolution: {integrity: sha512-d90uqCnXp/cy4G881Ub4psE57Sf8YD0pim9QdjCRNjfas2M1u6Lbt+XZK9gnHL2XFhnozZiEdCa9CNfXSfQ6xA==}
    dependencies:
      micromark-util-chunked: 1.0.0
      micromark-util-symbol: 1.0.1
      micromark-util-types: 1.0.2
      uvu: 0.5.6
    dev: true

  /micromark-util-symbol/1.0.1:
    resolution: {integrity: sha512-oKDEMK2u5qqAptasDAwWDXq0tG9AssVwAx3E9bBF3t/shRIGsWIRG+cGafs2p/SnDSOecnt6hZPCE2o6lHfFmQ==}
    dev: true

  /micromark-util-types/1.0.2:
    resolution: {integrity: sha512-DCfg/T8fcrhrRKTPjRrw/5LLvdGV7BHySf/1LOZx7TzWZdYRjogNtyNq885z3nNallwr3QUKARjqvHqX1/7t+w==}
    dev: true

  /micromark/3.0.10:
    resolution: {integrity: sha512-ryTDy6UUunOXy2HPjelppgJ2sNfcPz1pLlMdA6Rz9jPzhLikWXv/irpWV/I2jd68Uhmny7hHxAlAhk4+vWggpg==}
    dependencies:
      '@types/debug': 4.1.7
      debug: 4.3.4
      decode-named-character-reference: 1.0.2
      micromark-core-commonmark: 1.0.6
      micromark-factory-space: 1.0.0
      micromark-util-character: 1.1.0
      micromark-util-chunked: 1.0.0
      micromark-util-combine-extensions: 1.0.0
      micromark-util-decode-numeric-character-reference: 1.0.0
      micromark-util-encode: 1.0.1
      micromark-util-normalize-identifier: 1.0.0
      micromark-util-resolve-all: 1.0.0
      micromark-util-sanitize-uri: 1.0.0
      micromark-util-subtokenize: 1.0.2
      micromark-util-symbol: 1.0.1
      micromark-util-types: 1.0.2
      uvu: 0.5.6
    transitivePeerDependencies:
      - supports-color
    dev: true

  /mri/1.2.0:
    resolution: {integrity: sha512-tzzskb3bG8LvYGFF/mDTpq3jpI6Q9wc3LEmBaghu+DdCssd1FakN7Bc0hVNmEyGq1bq3RgfkCb3cmQLpNPOroA==}
    engines: {node: '>=4'}
    dev: true

  /ms/2.1.2:
    resolution: {integrity: sha512-sGkPx+VjMtmA6MX27oA4FBFELFCZZ4S4XqeGOXCv68tT+jb3vk/RyaKWP0PTKyWtmLSM0b+adUTEvbs1PEaH2w==}
    dev: true

  /nanoid/3.3.4:
    resolution: {integrity: sha512-MqBkQh/OHTS2egovRtLk45wEyNXwF+cokD+1YPf9u5VfJiRdAiRwB2froX5Co9Rh20xs4siNPm8naNotSD6RBw==}
    engines: {node: ^10 || ^12 || ^13.7 || ^14 || >=15.0.1}
    hasBin: true
    dev: true

  /parse-entities/4.0.0:
    resolution: {integrity: sha512-5nk9Fn03x3rEhGaX1FU6IDwG/k+GxLXlFAkgrbM1asuAFl3BhdQWvASaIsmwWypRNcZKHPYnIuOSfIWEyEQnPQ==}
    dependencies:
      '@types/unist': 2.0.6
      character-entities: 2.0.2
      character-entities-legacy: 3.0.0
      character-reference-invalid: 2.0.1
      decode-named-character-reference: 1.0.2
      is-alphanumerical: 2.0.1
      is-decimal: 2.0.1
      is-hexadecimal: 2.0.1
    dev: true

  /path-parse/1.0.7:
    resolution: {integrity: sha512-LDJzPVEEEPR+y48z93A0Ed0yXb8pAByGWo/k5YYdYgpY2/2EsOsksJrq7lOHxryrVOn1ejG6oAp8ahvOIQD8sw==}

  /periscopic/3.0.4:
    resolution: {integrity: sha512-SFx68DxCv0Iyo6APZuw/AKewkkThGwssmU0QWtTlvov3VAtPX+QJ4CadwSaz8nrT5jPIuxdvJWB4PnD2KNDxQg==}
    dependencies:
      estree-walker: 3.0.1
      is-reference: 3.0.0
    dev: true

  /picocolors/1.0.0:
    resolution: {integrity: sha512-1fygroTLlHu66zi26VoTDv8yRgm0Fccecssto+MhsZ0D/DGW2sm8E8AjW7NU5VVTRt5GxbeZ5qBuJr+HyLYkjQ==}
    dev: true

  /postcss/8.4.16:
    resolution: {integrity: sha512-ipHE1XBvKzm5xI7hiHCZJCSugxvsdq2mPnsq5+UF+VHCjiBvtDrlxJfMBToWaP9D5XlgNmcFGqoHmUn0EYEaRQ==}
    engines: {node: ^10 || ^12 || >=14}
    dependencies:
      nanoid: 3.3.4
      picocolors: 1.0.0
      source-map-js: 1.0.2
    dev: true

  /property-information/6.1.1:
    resolution: {integrity: sha512-hrzC564QIl0r0vy4l6MvRLhafmUowhO/O3KgVSoXIbbA2Sz4j8HGpJc6T2cubRVwMwpdiG/vKGfhT4IixmKN9w==}
    dev: true

  /remark-mdx/2.1.3:
    resolution: {integrity: sha512-3SmtXOy9+jIaVctL8Cs3VAQInjRLGOwNXfrBB9KCT+EpJpKD3PQiy0x8hUNGyjQmdyOs40BqgPU7kYtH9uoR6w==}
    dependencies:
      mdast-util-mdx: 2.0.0
      micromark-extension-mdxjs: 1.0.0
    transitivePeerDependencies:
      - supports-color
    dev: true

  /remark-parse/10.0.1:
    resolution: {integrity: sha512-1fUyHr2jLsVOkhbvPRBJ5zTKZZyD6yZzYaWCS6BPBdQ8vEMBCH+9zNCDA6tET/zHCi/jLqjCWtlJZUPk+DbnFw==}
    dependencies:
      '@types/mdast': 3.0.10
      mdast-util-from-markdown: 1.2.0
      unified: 10.1.2
    transitivePeerDependencies:
      - supports-color
    dev: true

  /remark-rehype/10.1.0:
    resolution: {integrity: sha512-EFmR5zppdBp0WQeDVZ/b66CWJipB2q2VLNFMabzDSGR66Z2fQii83G5gTBbgGEnEEA0QRussvrFHxk1HWGJskw==}
    dependencies:
      '@types/hast': 2.3.4
      '@types/mdast': 3.0.10
      mdast-util-to-hast: 12.2.1
      unified: 10.1.2
    dev: true

  /resolve/1.22.1:
    resolution: {integrity: sha512-nBpuuYuY5jFsli/JIs1oldw6fOQCBioohqWZg/2hiaOybXOft4lonv85uDOKXdf8rhyK159cxU5cDcK/NKk8zw==}
    hasBin: true
    dependencies:
      is-core-module: 2.10.0
      path-parse: 1.0.7
      supports-preserve-symlinks-flag: 1.0.0

  /rollup/2.77.3:
    resolution: {integrity: sha512-/qxNTG7FbmefJWoeeYJFbHehJ2HNWnjkAFRKzWN/45eNBBF/r8lo992CwcJXEzyVxs5FmfId+vTSTQDb+bxA+g==}
    engines: {node: '>=10.0.0'}
    hasBin: true
    optionalDependencies:
      fsevents: 2.3.2
    dev: true

  /sade/1.8.1:
    resolution: {integrity: sha512-xal3CZX1Xlo/k4ApwCFrHVACi9fBqJ7V+mwhBsuf/1IOKbBy098Fex+Wa/5QMubw09pSZ/u8EY8PWgevJsXp1A==}
    engines: {node: '>=6'}
    dependencies:
      mri: 1.2.0
    dev: true

  /source-map-js/1.0.2:
    resolution: {integrity: sha512-R0XvVJ9WusLiqTCEiGCmICCMplcCkIwwR11mOSD9CR5u+IXYdiseeEuXCVAjS54zqwkLcPNnmU4OeJ6tUrWhDw==}
    engines: {node: '>=0.10.0'}
    dev: true

  /source-map/0.7.4:
    resolution: {integrity: sha512-l3BikUxvPOcn5E74dZiq5BGsTb5yEwhaTSzccU6t4sDOH8NWJCstKO5QT2CvtFoK6F0saL7p9xHAqHOlCPJygA==}
    engines: {node: '>= 8'}
    dev: true

  /space-separated-tokens/2.0.1:
    resolution: {integrity: sha512-ekwEbFp5aqSPKaqeY1PGrlGQxPNaq+Cnx4+bE2D8sciBQrHpbwoBbawqTN2+6jPs9IdWxxiUcN0K2pkczD3zmw==}
    dev: true

  /stringify-entities/4.0.3:
    resolution: {integrity: sha512-BP9nNHMhhfcMbiuQKCqMjhDP5yBCAxsPu4pHFFzJ6Alo9dZgY4VLDPutXqIjpRiMoKdp7Av85Gr73Q5uH9k7+g==}
    dependencies:
      character-entities-html4: 2.1.0
      character-entities-legacy: 3.0.0
    dev: true

  /style-to-object/0.3.0:
    resolution: {integrity: sha512-CzFnRRXhzWIdItT3OmF8SQfWyahHhjq3HwcMNCNLn+N7klOOqPjMeG/4JSu77D7ypZdGvSzvkrbyeTMizz2VrA==}
    dependencies:
      inline-style-parser: 0.1.1
    dev: true

  /supports-preserve-symlinks-flag/1.0.0:
    resolution: {integrity: sha512-ot0WnXS9fgdkgIcePe6RHNk1WA8+muPa6cSjeR3V8K27q9BB1rTE3R1p7Hv0z1ZyAc8s6Vvv8DIyWf681MAt0w==}
    engines: {node: '>= 0.4'}

  /trim-lines/3.0.1:
    resolution: {integrity: sha512-kRj8B+YHZCc9kQYdWfJB2/oUl9rA99qbowYYBtr4ui4mZyAQ2JpvVBd/6U2YloATfqBhBTSMhTpgBHtU0Mf3Rg==}
    dev: true

  /trough/1.0.5:
    resolution: {integrity: sha512-rvuRbTarPXmMb79SmzEp8aqXNKcK+y0XaB298IXueQ8I2PsrATcPBCSPyK/dDNa2iWOhKlfNnOjdAOTBU/nkFA==}
    dev: false

  /trough/2.1.0:
    resolution: {integrity: sha512-AqTiAOLcj85xS7vQ8QkAV41hPDIJ71XJB4RCUrzo/1GM2CQwhkJGaf9Hgr7BOugMRpgGUrqRg/DrBDl4H40+8g==}
    dev: true

  /typescript/4.8.2:
    resolution: {integrity: sha512-C0I1UsrrDHo2fYI5oaCGbSejwX4ch+9Y5jTQELvovfmFkK3HHSZJB8MSJcWLmCUBzQBchCrZ9rMRV6GuNrvGtw==}
    engines: {node: '>=4.2.0'}
    hasBin: true
    dev: true

  /unified/10.1.2:
    resolution: {integrity: sha512-pUSWAi/RAnVy1Pif2kAoeWNBa3JVrx0MId2LASj8G+7AiHWoKZNTomq6LG326T68U7/e263X6fTdcXIy7XnF7Q==}
    dependencies:
      '@types/unist': 2.0.6
      bail: 2.0.2
      extend: 3.0.2
      is-buffer: 2.0.5
      is-plain-obj: 4.1.0
      trough: 2.1.0
      vfile: 5.3.4
    dev: true

  /unified/9.2.2:
    resolution: {integrity: sha512-Sg7j110mtefBD+qunSLO1lqOEKdrwBFBrR6Qd8f4uwkhWNlbkaqwHse6e7QvD3AP/MNoJdEDLaf8OxYyoWgorQ==}
    dependencies:
      '@types/unist': 2.0.6
      bail: 1.0.5
      extend: 3.0.2
      is-buffer: 2.0.5
      is-plain-obj: 2.1.0
      trough: 1.0.5
      vfile: 4.2.1
    dev: false

  /unist-builder/3.0.0:
    resolution: {integrity: sha512-GFxmfEAa0vi9i5sd0R2kcrI9ks0r82NasRq5QHh2ysGngrc6GiqD5CDf1FjPenY4vApmFASBIIlk/jj5J5YbmQ==}
    dependencies:
      '@types/unist': 2.0.6
    dev: true

  /unist-util-generated/2.0.0:
    resolution: {integrity: sha512-TiWE6DVtVe7Ye2QxOVW9kqybs6cZexNwTwSMVgkfjEReqy/xwGpAXb99OxktoWwmL+Z+Epb0Dn8/GNDYP1wnUw==}
    dev: true

  /unist-util-is/5.1.1:
    resolution: {integrity: sha512-F5CZ68eYzuSvJjGhCLPL3cYx45IxkqXSetCcRgUXtbcm50X2L9oOWQlfUfDdAf+6Pd27YDblBfdtmsThXmwpbQ==}
    dev: true

  /unist-util-position-from-estree/1.1.1:
    resolution: {integrity: sha512-xtoY50b5+7IH8tFbkw64gisG9tMSpxDjhX9TmaJJae/XuxQ9R/Kc8Nv1eOsf43Gt4KV/LkriMy9mptDr7XLcaw==}
    dependencies:
      '@types/unist': 2.0.6
    dev: true

  /unist-util-position/4.0.3:
    resolution: {integrity: sha512-p/5EMGIa1qwbXjA+QgcBXaPWjSnZfQ2Sc3yBEEfgPwsEmJd8Qh+DSk3LGnmOM4S1bY2C0AjmMnB8RuEYxpPwXQ==}
    dependencies:
      '@types/unist': 2.0.6
    dev: true

  /unist-util-remove-position/4.0.1:
    resolution: {integrity: sha512-0yDkppiIhDlPrfHELgB+NLQD5mfjup3a8UYclHruTJWmY74je8g+CIFr79x5f6AkmzSwlvKLbs63hC0meOMowQ==}
    dependencies:
      '@types/unist': 2.0.6
      unist-util-visit: 4.1.1
    dev: true

  /unist-util-stringify-position/2.0.3:
    resolution: {integrity: sha512-3faScn5I+hy9VleOq/qNbAd6pAx7iH5jYBMS9I1HgQVijz/4mv5Bvw5iw1sC/90CODiKo81G/ps8AJrISn687g==}
    dependencies:
      '@types/unist': 2.0.6
    dev: false

  /unist-util-stringify-position/3.0.2:
    resolution: {integrity: sha512-7A6eiDCs9UtjcwZOcCpM4aPII3bAAGv13E96IkawkOAW0OhH+yRxtY0lzo8KiHpzEMfH7Q+FizUmwp8Iqy5EWg==}
    dependencies:
      '@types/unist': 2.0.6
    dev: true

  /unist-util-visit-parents/5.1.1:
    resolution: {integrity: sha512-gks4baapT/kNRaWxuGkl5BIhoanZo7sC/cUT/JToSRNL1dYoXRFl75d++NkjYk4TAu2uv2Px+l8guMajogeuiw==}
    dependencies:
      '@types/unist': 2.0.6
      unist-util-is: 5.1.1
    dev: true

  /unist-util-visit/4.1.1:
    resolution: {integrity: sha512-n9KN3WV9k4h1DxYR1LoajgN93wpEi/7ZplVe02IoB4gH5ctI1AaF2670BLHQYbwj+pY83gFtyeySFiyMHJklrg==}
    dependencies:
      '@types/unist': 2.0.6
      unist-util-is: 5.1.1
      unist-util-visit-parents: 5.1.1
    dev: true

  /uvu/0.5.6:
    resolution: {integrity: sha512-+g8ENReyr8YsOc6fv/NVJs2vFdHBnBNdfE49rshrTzDWOlUx4Gq7KOS2GD8eqhy2j+Ejq29+SbKH8yjkAqXqoA==}
    engines: {node: '>=8'}
    hasBin: true
    dependencies:
      dequal: 2.0.3
      diff: 5.1.0
      kleur: 4.1.5
      sade: 1.8.1
    dev: true

  /vfile-location/4.0.1:
    resolution: {integrity: sha512-JDxPlTbZrZCQXogGheBHjbRWjESSPEak770XwWPfw5mTc1v1nWGLB/apzZxsx8a0SJVfF8HK8ql8RD308vXRUw==}
    dependencies:
      '@types/unist': 2.0.6
      vfile: 5.3.4
    dev: true

  /vfile-message/2.0.4:
    resolution: {integrity: sha512-DjssxRGkMvifUOJre00juHoP9DPWuzjxKuMDrhNbk2TdaYYBNMStsNhEOt3idrtI12VQYM/1+iM0KOzXi4pxwQ==}
    dependencies:
      '@types/unist': 2.0.6
      unist-util-stringify-position: 2.0.3
    dev: false

  /vfile-message/3.1.2:
    resolution: {integrity: sha512-QjSNP6Yxzyycd4SVOtmKKyTsSvClqBPJcd00Z0zuPj3hOIjg0rUPG6DbFGPvUKRgYyaIWLPKpuEclcuvb3H8qA==}
    dependencies:
      '@types/unist': 2.0.6
      unist-util-stringify-position: 3.0.2
    dev: true

  /vfile/4.2.1:
    resolution: {integrity: sha512-O6AE4OskCG5S1emQ/4gl8zK586RqA3srz3nfK/Viy0UPToBc5Trp9BVFb1u0CjsKrAWwnpr4ifM/KBXPWwJbCA==}
    dependencies:
      '@types/unist': 2.0.6
      is-buffer: 2.0.5
      unist-util-stringify-position: 2.0.3
      vfile-message: 2.0.4
    dev: false

  /vfile/5.3.4:
    resolution: {integrity: sha512-KI+7cnst03KbEyN1+JE504zF5bJBZa+J+CrevLeyIMq0aPU681I2rQ5p4PlnQ6exFtWiUrg26QUdFMnAKR6PIw==}
    dependencies:
      '@types/unist': 2.0.6
      is-buffer: 2.0.5
      unist-util-stringify-position: 3.0.2
      vfile-message: 3.1.2
    dev: true

  /vite/2.9.15:
    resolution: {integrity: sha512-fzMt2jK4vQ3yK56te3Kqpkaeq9DkcZfBbzHwYpobasvgYmP2SoAr6Aic05CsB4CzCZbsDv4sujX3pkEGhLabVQ==}
    engines: {node: '>=12.2.0'}
    hasBin: true
    peerDependencies:
      less: '*'
      sass: '*'
      stylus: '*'
    peerDependenciesMeta:
      less:
        optional: true
      sass:
        optional: true
      stylus:
        optional: true
    dependencies:
      esbuild: 0.14.54
      postcss: 8.4.16
      resolve: 1.22.1
      rollup: 2.77.3
    optionalDependencies:
      fsevents: 2.3.2
    dev: true

  /zwitch/2.0.2:
    resolution: {integrity: sha512-JZxotl7SxAJH0j7dN4pxsTV6ZLXoLdGME+PsjkL/DaBrVryK9kTGq06GfKrwcSOqypP+fdXGoCHE36b99fWVoA==}
    dev: true
