# THIS IS AN AUTOGENERATED FILE. DO NOT EDIT THIS FILE DIRECTLY.
# yarn lockfile v1


"@alloc/quick-lru@^5.2.0":
  version "5.2.0"
  resolved "https://registry.npmjs.org/@alloc/quick-lru/-/quick-lru-5.2.0.tgz#7bf68b20c0a350f936915fcae06f58e32007ce30"
  integrity sha512-UrcABB+4bUrFABwbluTIBErXwvbsU/V7TZWfmbgJfbkwiBuziS9gxdODUyuiecfdGQ85jglMW6juS3+z5TsKLw==

"@mdx-js/mdx@^2.0.0-next.9":
  version "2.0.0-next.9"
  resolved "https://registry.npmjs.org/@mdx-js/mdx/-/mdx-2.0.0-next.9.tgz#6af5bf5d975ceccd11d31b4b7f180b2205c7bcfa"
  integrity sha512-6i7iLIPApiCdvp4T6n3dI5IqDOvcNx4M3DUJ+AG6xj/NTssJcf5r3Gl4i3Q2tqJp0JAj6bWQ3IOLAefF18Y48g==
  dependencies:
    "@mdx-js/util" "2.0.0-next.1"
    astring "^1.4.0"
    detab "^2.0.0"
    estree-walker "^2.0.0"
    hast-util-to-estree "^1.1.0"
    mdast-util-to-hast "^10.1.0"
    periscopic "^2.0.0"
    rehype-minify-whitespace "^4.0.0"
    remark-mdx "2.0.0-next.9"
    remark-parse "^9.0.0"
    remark-squeeze-paragraphs "^4.0.0"
    unified "^9.2.0"
    unist-builder "^2.0.0"

"@mdx-js/util@2.0.0-next.1":
  version "2.0.0-next.1"
  resolved "https://registry.npmjs.org/@mdx-js/util/-/util-2.0.0-next.1.tgz#b17a046ed5cb1b13e75b29740504ec53a7e0b016"
  integrity sha512-F36kWTFdFXrbNIsM77dhVwYZsZonUIKHkYyYgnuw1NWskBfEn1ET5B5Z5mm58ckKNf7SimchnxR9sKCCtH38WA==

"@types/es-module-lexer@^0.3.0":
  version "0.3.0"
  resolved "https://registry.npmjs.org/@types/es-module-lexer/-/es-module-lexer-0.3.0.tgz#9fee3f19f64e6b3f999eeb3a70bd177a4d57a6cb"
  integrity sha512-XI3MGSejUQIJ3wzY0i5IHy5J3eb36M/ytgG8jIOssP08ovtRPcjpjXQqrx51AHBNBOisTS/NQNWJitI17+EwzQ==

"@types/estree@*":
  version "0.0.47"
  resolved "https://registry.npmjs.org/@types/estree/-/estree-0.0.47.tgz#d7a51db20f0650efec24cd04994f523d93172ed4"
  integrity sha512-c5ciR06jK8u9BstrmJyO97m+klJrrhCf9u3rLu3DEAJBirxRqSCvDQoYKmxuYwQI5SZChAWu+tq9oVlGRuzPAg==

"@types/mdast@^3.0.0":
  version "3.0.3"
  resolved "https://registry.npmjs.org/@types/mdast/-/mdast-3.0.3.tgz#2d7d671b1cd1ea3deb306ea75036c2a0407d2deb"
  integrity sha512-SXPBMnFVQg1s00dlMCc/jCdvPqdE4mXaMMCeRlxLDmTAEoegHT53xKtkDnzDTOcmMHUfcjyf36/YYZ6SxRdnsw==
  dependencies:
    "@types/unist" "*"

"@types/node@^14.14.22":
  version "14.14.37"
  resolved "https://registry.npmjs.org/@types/node/-/node-14.14.37.tgz#a3dd8da4eb84a996c36e331df98d82abd76b516e"
  integrity sha512-XYmBiy+ohOR4Lh5jE379fV2IU+6Jn4g5qASinhitfyO71b/sCo6MKsMLF5tc7Zf2CE8hViVQyYSobJNke8OvUw==

"@types/resolve@^1.20.0":
  version "1.20.0"
  resolved "https://registry.yarnpkg.com/@types/resolve/-/resolve-1.20.0.tgz#11325a379b6f63b858fed49552fd4178495ee087"
  integrity sha512-SFT3jdUNlLkjxUWwH/0QjLiEsV38hjdDX8oMcX9jZAD8KWNzRLdg6INZE7UMz9O86b2BOHzA3dR8nF+DbonX2Q==

"@types/unist@*", "@types/unist@^2.0.0", "@types/unist@^2.0.2":
  version "2.0.3"
  resolved "https://registry.npmjs.org/@types/unist/-/unist-2.0.3.tgz#9c088679876f374eb5983f150d4787aa6fb32d7e"
  integrity sha512-FvUupuM3rlRsRtCN+fDudtmytGO6iHJuuRKS1Ss0pG5z8oX0diNEw94UEL7hgDbpN94rgaK5R7sWm6RrSkZuAQ==

acorn-jsx@^5.0.0:
  version "5.3.1"
  resolved "https://registry.npmjs.org/acorn-jsx/-/acorn-jsx-5.3.1.tgz#fc8661e11b7ac1539c47dbfea2e72b3af34d267b"
  integrity sha512-K0Ptm/47OKfQRpNQ2J/oIN/3QYiK6FwW+eJbILhsdxh2WTLdl+30o8aGdTbm5JbffpFFAg/g+zi1E+jvJha5ng==

acorn@^8.0.0:
  version "8.1.0"
  resolved "https://registry.npmjs.org/acorn/-/acorn-8.1.0.tgz#52311fd7037ae119cbb134309e901aa46295b3fe"
  integrity sha512-LWCF/Wn0nfHOmJ9rzQApGnxnvgfROzGilS8936rqN/lfcYkY9MYZzdMqN+2NJ4SlTc+m5HiSa+kNfDtI64dwUA==

astring@^1.4.0:
  version "1.7.3"
  resolved "https://registry.npmjs.org/astring/-/astring-1.7.3.tgz#ed92696b91092a311c790f98987b9a71a2f55bfa"
  integrity sha512-FnNeakrt6R2EJbR/AuDMknR1Hgv2LUWl2SzjSBaJ8bobbetGwe24ebp8uoEROii4KKVQh5+7Ui9jrqjDb11XlA==

bail@^1.0.0:
  version "1.0.5"
  resolved "https://registry.npmjs.org/bail/-/bail-1.0.5.tgz#b6fa133404a392cbc1f8c4bf63f5953351e7a776"
  integrity sha512-xFbRxM1tahm08yHBP16MMjVUAvDaBMD38zsM9EMAUN61omwLmKlOpB/Zku5QkjZ8TZ4vn53pj+t518cH0S03RQ==

character-entities-html4@^1.0.0:
  version "1.1.4"
  resolved "https://registry.npmjs.org/character-entities-html4/-/character-entities-html4-1.1.4.tgz#0e64b0a3753ddbf1fdc044c5fd01d0199a02e125"
  integrity sha512-HRcDxZuZqMx3/a+qrzxdBKBPUpxWEq9xw2OPZ3a/174ihfrQKVsFhqtthBInFy1zZ9GgZyFXOatNujm8M+El3g==

character-entities-legacy@^1.0.0:
  version "1.1.4"
  resolved "https://registry.npmjs.org/character-entities-legacy/-/character-entities-legacy-1.1.4.tgz#94bc1845dce70a5bb9d2ecc748725661293d8fc1"
  integrity sha512-3Xnr+7ZFS1uxeiUDvV02wQ+QDbc55o97tIV5zHScSPJpcLm/r0DFPcoY3tYRp+VZukxuMeKgXYmsXQHO05zQeA==

character-entities@^1.0.0:
  version "1.2.4"
  resolved "https://registry.npmjs.org/character-entities/-/character-entities-1.2.4.tgz#e12c3939b7eaf4e5b15e7ad4c5e28e1d48c5b16b"
  integrity sha512-iBMyeEHxfVnIakwOuDXpVkc54HijNgCyQB2w0VfGQThle6NXn50zU6V/u+LDhxHcDUPojn6Kpga3PTAD8W1bQw==

character-reference-invalid@^1.0.0:
  version "1.1.4"
  resolved "https://registry.npmjs.org/character-reference-invalid/-/character-reference-invalid-1.1.4.tgz#083329cda0eae272ab3dbbf37e9a382c13af1560"
  integrity sha512-mKKUkUbhPpQlCOfIuZkvSEgktjPFIsZKRRbC6KWVEMvlzblj3i3asQv5ODsrwt0N3pHAEvjP8KTQPHkp0+6jOg==

colorette@^1.2.2:
  version "1.2.2"
  resolved "https://registry.npmjs.org/colorette/-/colorette-1.2.2.tgz#cbcc79d5e99caea2dbf10eb3a26fd8b3e6acfa94"
  integrity sha512-MKGMzyfeuutC/ZJ1cba9NqcNpfeqMUcYmyF1ZFY6/Cn7CNSAKx6a+s48sqLqyAiZuaP2TcqMhoo+dlwFnVxT9w==

comma-separated-tokens@^1.0.0:
  version "1.0.8"
  resolved "https://registry.npmjs.org/comma-separated-tokens/-/comma-separated-tokens-1.0.8.tgz#632b80b6117867a158f1080ad498b2fbe7e3f5ea"
  integrity sha512-GHuDRO12Sypu2cV70d1dkA2EUmXHgntrzbpvOB+Qy+49ypNfGgFQIC2fhhXbnyrJRynDCAARsT7Ou0M6hirpfw==

debug@^4.0.0:
  version "4.3.1"
  resolved "https://registry.npmjs.org/debug/-/debug-4.3.1.tgz#f0d229c505e0c6d8c49ac553d1b13dc183f6b2ee"
  integrity sha512-doEwdvm4PCeK4K3RQN2ZC2BYUBaxwLARCqZmMjtF8a51J2Rb0xpVloFRnCODwqjpwnAoao4pelN8l3RJdv3gRQ==
  dependencies:
    ms "2.1.2"

detab@^2.0.0:
  version "2.0.4"
  resolved "https://registry.npmjs.org/detab/-/detab-2.0.4.tgz#b927892069aff405fbb9a186fe97a44a92a94b43"
  integrity sha512-8zdsQA5bIkoRECvCrNKPla84lyoR7DSAyf7p0YgXzBO9PDJx8KntPUay7NS6yp+KdxdVtiE5SpHKtbp2ZQyA9g==
  dependencies:
    repeat-string "^1.5.4"

esbuild@^0.8.31:
  version "0.8.57"
  resolved "https://registry.npmjs.org/esbuild/-/esbuild-0.8.57.tgz#a42d02bc2b57c70bcd0ef897fe244766bb6dd926"
  integrity sha512-j02SFrUwFTRUqiY0Kjplwjm1psuzO1d6AjaXKuOR9hrY0HuPsT6sV42B6myW34h1q4CRy+Y3g4RU/cGJeI/nNA==

esbuild@^0.9.3:
  version "0.9.7"
  resolved "https://registry.npmjs.org/esbuild/-/esbuild-0.9.7.tgz#ea0d639cbe4b88ec25fbed4d6ff00c8d788ef70b"
  integrity sha512-VtUf6aQ89VTmMLKrWHYG50uByMF4JQlVysb8dmg6cOgW8JnFCipmz7p+HNBl+RR3LLCuBxFGVauAe2wfnF9bLg==

estree-util-attach-comments@^1.0.0:
  version "1.0.0"
  resolved "https://registry.npmjs.org/estree-util-attach-comments/-/estree-util-attach-comments-1.0.0.tgz#51d280e458ce85dec0b813bd96d2ce98eae8a3f2"
  integrity sha512-sL7dTwFGqzelPlB56lRZY1CC/yDxCe365WQpxNd49ispL40Yv8Tv4SmteGbvZeFwShOOVKfMlo4jrVvwoaMosA==

estree-util-is-identifier-name@^1.0.0, estree-util-is-identifier-name@^1.1.0:
  version "1.1.0"
  resolved "https://registry.npmjs.org/estree-util-is-identifier-name/-/estree-util-is-identifier-name-1.1.0.tgz#2e3488ea06d9ea2face116058864f6370b37456d"
  integrity sha512-OVJZ3fGGt9By77Ix9NhaRbzfbDV/2rx9EP7YIDJTmsZSEc5kYn2vWcNccYyahJL2uAQZK2a5Or2i0wtIKTPoRQ==

estree-walker@^2.0.0, estree-walker@^2.0.2:
  version "2.0.2"
  resolved "https://registry.npmjs.org/estree-walker/-/estree-walker-2.0.2.tgz#52f010178c2a4c117a7757cfe942adb7d2da4cac"
  integrity sha512-Rfkk/Mp/DL7JVje3u18FxFujQlTNR2q6QfMSMB7AvCBx91NGj/ba3kCfza0f6dVDbw7YlRf/nDrn7pQrCCyQ/w==

extend@^3.0.0:
  version "3.0.2"
  resolved "https://registry.npmjs.org/extend/-/extend-3.0.2.tgz#f8b1136b4071fbd8eb140aff858b1019ec2915fa"
  integrity sha512-fjquC59cD7CyW6urNXK0FBufkZcoiGG80wTuPujX590cB5Ttln20E2UB4S/WARVqhXffZl2LNgS+gQdPIIim/g==

fsevents@~2.3.1:
  version "2.3.2"
  resolved "https://registry.npmjs.org/fsevents/-/fsevents-2.3.2.tgz#8a526f78b8fdf4623b709e0b975c52c24c02fd1a"
  integrity sha512-xiqMQR4xAeHTuB9uWm+fFRcIOgKBMiOBP+eXiyT7jsgVCq1bkVygt00oASowB7EdtpOHaaPgKt812P9ab+DDKA==

function-bind@^1.1.1:
  version "1.1.1"
  resolved "https://registry.npmjs.org/function-bind/-/function-bind-1.1.1.tgz#a56899d3ea3c9bab874bb9773b7c5ede92f4895d"
  integrity sha512-yIovAzMX49sF8Yl58fSCWJ5svSLuaibPxXQJFLmBObTuCr0Mf1KiPopGM9NiFjiYBCbfaa2Fh6breQ6ANVTI0A==

has@^1.0.3:
  version "1.0.3"
  resolved "https://registry.npmjs.org/has/-/has-1.0.3.tgz#722d7cbfc1f6aa8241f16dd814e011e1f41e8796"
  integrity sha512-f2dvO0VU6Oej7RkWJGrehjbzMAjFp5/VKPp5tTpWIV4JHHZK1/BxbFRtf/siA2SWTe09caDmVtYYzWEIbBS4zw==
  dependencies:
    function-bind "^1.1.1"

hast-util-embedded@^1.0.0:
  version "1.0.6"
  resolved "https://registry.npmjs.org/hast-util-embedded/-/hast-util-embedded-1.0.6.tgz#ea7007323351cc43e19e1d6256b7cde66ad1aa03"
  integrity sha512-JQMW+TJe0UAIXZMjCJ4Wf6ayDV9Yv3PBDPsHD4ExBpAspJ6MOcCX+nzVF+UJVv7OqPcg852WEMSHQPoRA+FVSw==
  dependencies:
    hast-util-is-element "^1.1.0"

hast-util-is-element@^1.0.0, hast-util-is-element@^1.1.0:
  version "1.1.0"
  resolved "https://registry.npmjs.org/hast-util-is-element/-/hast-util-is-element-1.1.0.tgz#3b3ed5159a2707c6137b48637fbfe068e175a425"
  integrity sha512-oUmNua0bFbdrD/ELDSSEadRVtWZOf3iF6Lbv81naqsIV99RnSCieTbWuWCY8BAeEfKJTKl0gRdokv+dELutHGQ==

hast-util-to-estree@^1.1.0:
  version "1.3.3"
  resolved "https://registry.npmjs.org/hast-util-to-estree/-/hast-util-to-estree-1.3.3.tgz#b5c9e16f852baab048cb62efbae2a453be66025f"
  integrity sha512-F5lYlB66lR795DwkPV+S1BV/liERgYqqlqipNBzc5epw7+Ui7isVOElvVlSU4gLeD+ZLm0VXHmGs0pH58GgVIg==
  dependencies:
    comma-separated-tokens "^1.0.0"
    estree-util-attach-comments "^1.0.0"
    estree-util-is-identifier-name "^1.1.0"
    hast-util-whitespace "^1.0.0"
    property-information "^5.0.0"
    space-separated-tokens "^1.0.0"
    style-to-object "^0.3.0"
    unist-util-position "^3.1.0"
    zwitch "^1.0.0"

hast-util-whitespace@^1.0.0, hast-util-whitespace@^1.0.4:
  version "1.0.4"
  resolved "https://registry.npmjs.org/hast-util-whitespace/-/hast-util-whitespace-1.0.4.tgz#e4fe77c4a9ae1cb2e6c25e02df0043d0164f6e41"
  integrity sha512-I5GTdSfhYfAPNztx2xJRQpG8cuDSNt599/7YUn7Gx/WxNMsG+a835k97TDkFgk123cwjfwINaZknkKkphx/f2A==

inline-style-parser@0.1.1:
  version "0.1.1"
  resolved "https://registry.npmjs.org/inline-style-parser/-/inline-style-parser-0.1.1.tgz#ec8a3b429274e9c0a1f1c4ffa9453a7fef72cea1"
  integrity sha512-7NXolsK4CAS5+xvdj5OMMbI962hU/wvwoxk+LWR9Ek9bVtyuuYScDN6eS0rUm6TxApFpw7CX1o4uJzcd4AyD3Q==

is-alphabetical@^1.0.0:
  version "1.0.4"
  resolved "https://registry.npmjs.org/is-alphabetical/-/is-alphabetical-1.0.4.tgz#9e7d6b94916be22153745d184c298cbf986a686d"
  integrity sha512-DwzsA04LQ10FHTZuL0/grVDk4rFoVH1pjAToYwBrHSxcrBIGQuXrQMtD5U1b0U2XVgKZCTLLP8u2Qxqhy3l2Vg==

is-alphanumerical@^1.0.0:
  version "1.0.4"
  resolved "https://registry.npmjs.org/is-alphanumerical/-/is-alphanumerical-1.0.4.tgz#7eb9a2431f855f6b1ef1a78e326df515696c4dbf"
  integrity sha512-UzoZUr+XfVz3t3v4KyGEniVL9BDRoQtY7tOyrRybkVNjDFWyo1yhXNGrrBTQxp3ib9BLAWs7k2YKBQsFRkZG9A==
  dependencies:
    is-alphabetical "^1.0.0"
    is-decimal "^1.0.0"

is-buffer@^2.0.0:
  version "2.0.5"
  resolved "https://registry.npmjs.org/is-buffer/-/is-buffer-2.0.5.tgz#ebc252e400d22ff8d77fa09888821a24a658c191"
  integrity sha512-i2R6zNFDwgEHJyQUtJEk0XFi1i0dPFn/oqjK3/vPCcDeJvW5NQ83V8QbicfF1SupOaB0h8ntgBC2YiE7dfyctQ==

is-core-module@^2.2.0:
  version "2.2.0"
  resolved "https://registry.npmjs.org/is-core-module/-/is-core-module-2.2.0.tgz#97037ef3d52224d85163f5597b2b63d9afed981a"
  integrity sha512-XRAfAdyyY5F5cOXn7hYQDqh2Xmii+DEfIcQGxK/uNwMHhIkPWO0g8msXcbzLe+MpGoR951MlqM/2iIlU4vKDdQ==
  dependencies:
    has "^1.0.3"

is-decimal@^1.0.0:
  version "1.0.4"
  resolved "https://registry.npmjs.org/is-decimal/-/is-decimal-1.0.4.tgz#65a3a5958a1c5b63a706e1b333d7cd9f630d3fa5"
  integrity sha512-RGdriMmQQvZ2aqaQq3awNA6dCGtKpiDFcOzrTWrDAT2MiWrKQVPmxLGHl7Y2nNu6led0kEyoX0enY0qXYsv9zw==

is-hexadecimal@^1.0.0:
  version "1.0.4"
  resolved "https://registry.npmjs.org/is-hexadecimal/-/is-hexadecimal-1.0.4.tgz#cc35c97588da4bd49a8eedd6bc4082d44dcb23a7"
  integrity sha512-gyPJuv83bHMpocVYoqof5VDiZveEoGoFL8m3BXNb2VW8Xs+rz9kqO8LOQ5DH6EsuvilT1ApazU0pyl+ytbPtlw==

is-plain-obj@^2.0.0:
  version "2.1.0"
  resolved "https://registry.npmjs.org/is-plain-obj/-/is-plain-obj-2.1.0.tgz#45e42e37fccf1f40da8e5f76ee21515840c09287"
  integrity sha512-YWnfyRwxL/+SsrWYfOpUtz5b3YD+nyfkHvjbcanzk8zgyO4ASD67uVMRt8k5bM4lLMDnXfriRhOpemw+NfT1eA==

is-reference@^1.1.4:
  version "1.2.1"
  resolved "https://registry.npmjs.org/is-reference/-/is-reference-1.2.1.tgz#8b2dac0b371f4bc994fdeaba9eb542d03002d0b7"
  integrity sha512-U82MsXXiFIrjCK4otLT+o2NA2Cd2g5MLoOVXUZjIOhLurrRxpEXzI8O0KZHr3IjLvlAH1kTPYSuqer5T9ZVBKQ==
  dependencies:
    "@types/estree" "*"

longest-streak@^2.0.0:
  version "2.0.4"
  resolved "https://registry.npmjs.org/longest-streak/-/longest-streak-2.0.4.tgz#b8599957da5b5dab64dee3fe316fa774597d90e4"
  integrity sha512-vM6rUVCVUJJt33bnmHiZEvr7wPT78ztX7rojL+LW51bHtLh6HTjx84LA5W4+oa6aKEJA7jJu5LR6vQRBpA5DVg==

mdast-squeeze-paragraphs@^4.0.0:
  version "4.0.0"
  resolved "https://registry.npmjs.org/mdast-squeeze-paragraphs/-/mdast-squeeze-paragraphs-4.0.0.tgz#7c4c114679c3bee27ef10b58e2e015be79f1ef97"
  integrity sha512-zxdPn69hkQ1rm4J+2Cs2j6wDEv7O17TfXTJ33tl/+JPIoEmtV9t2ZzBM5LPHE8QlHsmVD8t3vPKCyY3oH+H8MQ==
  dependencies:
    unist-util-remove "^2.0.0"

mdast-util-definitions@^4.0.0:
  version "4.0.0"
  resolved "https://registry.npmjs.org/mdast-util-definitions/-/mdast-util-definitions-4.0.0.tgz#c5c1a84db799173b4dcf7643cda999e440c24db2"
  integrity sha512-k8AJ6aNnUkB7IE+5azR9h81O5EQ/cTDXtWdMq9Kk5KcEW/8ritU5CeLg/9HhOC++nALHBlaogJ5jz0Ybk3kPMQ==
  dependencies:
    unist-util-visit "^2.0.0"

mdast-util-from-markdown@^0.8.0:
  version "0.8.5"
  resolved "https://registry.npmjs.org/mdast-util-from-markdown/-/mdast-util-from-markdown-0.8.5.tgz#d1ef2ca42bc377ecb0463a987910dae89bd9a28c"
  integrity sha512-2hkTXtYYnr+NubD/g6KGBS/0mFmBcifAsI0yIWRiRo0PjVs6SSOSOdtzbp6kSGnShDN6G5aWZpKQ2lWRy27mWQ==
  dependencies:
    "@types/mdast" "^3.0.0"
    mdast-util-to-string "^2.0.0"
    micromark "~2.11.0"
    parse-entities "^2.0.0"
    unist-util-stringify-position "^2.0.0"

mdast-util-mdx-expression@~0.1.0:
  version "0.1.1"
  resolved "https://registry.npmjs.org/mdast-util-mdx-expression/-/mdast-util-mdx-expression-0.1.1.tgz#fa1a04a5ea6777b0e8db6c120adf03088595df95"
  integrity sha512-SoO8y1B9NjMOYlNdwXMchuTVvqSTlUmXm1P5QvZNPv7OH7aa8qJV+3aA+vl1DHK9Vk1uZAlgwokjvDQhS6bINA==
  dependencies:
    strip-indent "^3.0.0"

mdast-util-mdx-jsx@~0.1.0:
  version "0.1.4"
  resolved "https://registry.npmjs.org/mdast-util-mdx-jsx/-/mdast-util-mdx-jsx-0.1.4.tgz#868371b90b17337b4f072a07021f7ce19612cf34"
  integrity sha512-67KOAvCmypBSpr+AJEAVQg1Obig5Wnguo4ETTxASe5WVP4TLt57bZjDX/9EW5sWYQsO4gPqLxkUOlypVn5rkhg==
  dependencies:
    mdast-util-to-markdown "^0.6.0"
    parse-entities "^2.0.0"
    stringify-entities "^3.1.0"
    unist-util-remove-position "^3.0.0"
    unist-util-stringify-position "^2.0.0"
    vfile-message "^2.0.0"

mdast-util-mdx@^0.1.1:
  version "0.1.1"
  resolved "https://registry.npmjs.org/mdast-util-mdx/-/mdast-util-mdx-0.1.1.tgz#16acbc6cabe33f4cebeb63fa9cf8be5da1d56fbf"
  integrity sha512-9nncdnHNYSb4HNxY3AwE6gU632jhbXsDGXe9PkkJoEawYWJ8tTwmEOHGlGa2TCRidtkd6FF5I8ogDU9pTDlQyA==
  dependencies:
    mdast-util-mdx-expression "~0.1.0"
    mdast-util-mdx-jsx "~0.1.0"
    mdast-util-mdxjs-esm "~0.1.0"
    mdast-util-to-markdown "^0.6.1"

mdast-util-mdxjs-esm@~0.1.0:
  version "0.1.1"
  resolved "https://registry.npmjs.org/mdast-util-mdxjs-esm/-/mdast-util-mdxjs-esm-0.1.1.tgz#69134a0dad71a59a9e0e9cfdc0633dde31dff69a"
  integrity sha512-kBiYeashz+nuhfv+712nc4THQhzXIH2gBFUDbuLxuDCqU/fZeg+9FAcdRBx9E13dkpk1p2Xwufzs3wsGJ+mISQ==

mdast-util-to-hast@^10.1.0:
  version "10.2.0"
  resolved "https://registry.npmjs.org/mdast-util-to-hast/-/mdast-util-to-hast-10.2.0.tgz#61875526a017d8857b71abc9333942700b2d3604"
  integrity sha512-JoPBfJ3gBnHZ18icCwHR50orC9kNH81tiR1gs01D8Q5YpV6adHNO9nKNuFBCJQ941/32PT1a63UF/DitmS3amQ==
  dependencies:
    "@types/mdast" "^3.0.0"
    "@types/unist" "^2.0.0"
    mdast-util-definitions "^4.0.0"
    mdurl "^1.0.0"
    unist-builder "^2.0.0"
    unist-util-generated "^1.0.0"
    unist-util-position "^3.0.0"
    unist-util-visit "^2.0.0"

mdast-util-to-markdown@^0.6.0, mdast-util-to-markdown@^0.6.1:
  version "0.6.5"
  resolved "https://registry.npmjs.org/mdast-util-to-markdown/-/mdast-util-to-markdown-0.6.5.tgz#b33f67ca820d69e6cc527a93d4039249b504bebe"
  integrity sha512-XeV9sDE7ZlOQvs45C9UKMtfTcctcaj/pGwH8YLbMHoMOXNNCn2LsqVQOqrF1+/NU8lKDAqozme9SCXWyo9oAcQ==
  dependencies:
    "@types/unist" "^2.0.0"
    longest-streak "^2.0.0"
    mdast-util-to-string "^2.0.0"
    parse-entities "^2.0.0"
    repeat-string "^1.0.0"
    zwitch "^1.0.0"

mdast-util-to-string@^2.0.0:
  version "2.0.0"
  resolved "https://registry.npmjs.org/mdast-util-to-string/-/mdast-util-to-string-2.0.0.tgz#b8cfe6a713e1091cb5b728fc48885a4767f8b97b"
  integrity sha512-AW4DRS3QbBayY/jJmD8437V1Gombjf8RSOUCMFBuo5iHi58AGEgVCKQ+ezHkZZDpAQS75hcBMpLqjpJTjtUL7w==

mdurl@^1.0.0:
  version "1.0.1"
  resolved "https://registry.npmjs.org/mdurl/-/mdurl-1.0.1.tgz#fe85b2ec75a59037f2adfec100fd6c601761152e"
  integrity sha1-/oWy7HWlkDfyrf7BAP1sYBdhFS4=

micromark-extension-mdx-expression@^0.3.0, micromark-extension-mdx-expression@^0.3.2, micromark-extension-mdx-expression@~0.3.0:
  version "0.3.2"
  resolved "https://registry.npmjs.org/micromark-extension-mdx-expression/-/micromark-extension-mdx-expression-0.3.2.tgz#827592af50116110dc9ee27201a73c037e61aa27"
  integrity sha512-Sh8YHLSAlbm/7TZkVKEC4wDcJE8XhVpZ9hUXBue1TcAicrrzs/oXu7PHH3NcyMemjGyMkiVS34Y0AHC5KG3y4A==
  dependencies:
    micromark "~2.11.0"
    vfile-message "^2.0.0"

micromark-extension-mdx-jsx@~0.3.0:
  version "0.3.3"
  resolved "https://registry.npmjs.org/micromark-extension-mdx-jsx/-/micromark-extension-mdx-jsx-0.3.3.tgz#68e8e700f2860e32e96ff48e44afb7465d462e21"
  integrity sha512-kG3VwaJlzAPdtIVDznfDfBfNGMTIzsHqKpTmMlew/iPnUCDRNkX+48ElpaOzXAtK5axtpFKE3Hu3VBriZDnRTQ==
  dependencies:
    estree-util-is-identifier-name "^1.0.0"
    micromark "~2.11.0"
    micromark-extension-mdx-expression "^0.3.2"
    vfile-message "^2.0.0"

micromark-extension-mdx-md@~0.1.0:
  version "0.1.1"
  resolved "https://registry.npmjs.org/micromark-extension-mdx-md/-/micromark-extension-mdx-md-0.1.1.tgz#277b4e82ada37bfdf222f6c3530e20563d73e064"
  integrity sha512-emlFQEyfx/2aPhwyEqeNDfKE6jPH1cvLTb5ANRo4qZBjaUObnzjLRdzK8RJ4Xc8+/dOmKN8TTRxFnOYF5/EAwQ==

micromark-extension-mdx@^0.2.0:
  version "0.2.1"
  resolved "https://registry.npmjs.org/micromark-extension-mdx/-/micromark-extension-mdx-0.2.1.tgz#074b85013909481d23f382f17dced7b4cd173c0a"
  integrity sha512-J+nZegf1ExPz1Ft6shxu8M9WfRom1gwRIx6gpJK1SEEqKzY5LjOR1d/WHRtjwV4KoMXrL53+PoN7T1Rw1euJew==
  dependencies:
    micromark "~2.11.0"
    micromark-extension-mdx-expression "~0.3.0"
    micromark-extension-mdx-jsx "~0.3.0"
    micromark-extension-mdx-md "~0.1.0"

micromark-extension-mdxjs-esm@~0.3.0:
  version "0.3.1"
  resolved "https://registry.npmjs.org/micromark-extension-mdxjs-esm/-/micromark-extension-mdxjs-esm-0.3.1.tgz#40a710fe145b381e39a2930db2813f3efaa014ac"
  integrity sha512-tuLgcELrgY1a5tPxjk+MrI3BdYtwW67UaHZdzKiDYD8loNbxwIscfdagI6A2BKuAkrfeyHF6FW3B8KuDK3ZMXw==
  dependencies:
    micromark "~2.11.0"
    micromark-extension-mdx-expression "^0.3.0"
    vfile-message "^2.0.0"

micromark-extension-mdxjs@^0.3.0:
  version "0.3.0"
  resolved "https://registry.npmjs.org/micromark-extension-mdxjs/-/micromark-extension-mdxjs-0.3.0.tgz#35ecebaf14b8377b6046b659780fd3111196eccd"
  integrity sha512-NQuiYA0lw+eFDtSG4+c7ao3RG9dM4P0Kx/sn8OLyPhxtIc6k+9n14k5VfLxRKfAxYRTo8c5PLZPaRNmslGWxJw==
  dependencies:
    acorn "^8.0.0"
    acorn-jsx "^5.0.0"
    micromark "~2.11.0"
    micromark-extension-mdx-expression "~0.3.0"
    micromark-extension-mdx-jsx "~0.3.0"
    micromark-extension-mdx-md "~0.1.0"
    micromark-extension-mdxjs-esm "~0.3.0"

micromark@~2.11.0:
  version "2.11.4"
  resolved "https://registry.npmjs.org/micromark/-/micromark-2.11.4.tgz#d13436138eea826383e822449c9a5c50ee44665a"
  integrity sha512-+WoovN/ppKolQOFIAajxi7Lu9kInbPxFuTBVEavFcL8eAfVstoc5MocPmqBeAdBOJV00uaVjegzH4+MA0DN/uA==
  dependencies:
    debug "^4.0.0"
    parse-entities "^2.0.0"

min-indent@^1.0.0:
  version "1.0.1"
  resolved "https://registry.npmjs.org/min-indent/-/min-indent-1.0.1.tgz#a63f681673b30571fbe8bc25686ae746eefa9869"
  integrity sha512-I9jwMn07Sy/IwOj3zVkVik2JTvgpaykDZEigL6Rx6N9LbMywwUSMtxET+7lVoDLLd3O3IXwJwvuuns8UB/HeAg==

ms@2.1.2:
  version "2.1.2"
  resolved "https://registry.npmjs.org/ms/-/ms-2.1.2.tgz#d09d1f357b443f493382a8eb3ccd183872ae6009"
  integrity sha512-sGkPx+VjMtmA6MX27oA4FBFELFCZZ4S4XqeGOXCv68tT+jb3vk/RyaKWP0PTKyWtmLSM0b+adUTEvbs1PEaH2w==

nanoid@^3.1.22:
  version "3.1.22"
  resolved "https://registry.npmjs.org/nanoid/-/nanoid-3.1.22.tgz#b35f8fb7d151990a8aebd5aa5015c03cf726f844"
  integrity sha512-/2ZUaJX2ANuLtTvqTlgqBQNJoQO398KyJgZloL0PZkC0dpysjncRUPsFe3DUPzz/y3h+u7C46np8RMuvF3jsSQ==

parse-entities@^2.0.0:
  version "2.0.0"
  resolved "https://registry.npmjs.org/parse-entities/-/parse-entities-2.0.0.tgz#53c6eb5b9314a1f4ec99fa0fdf7ce01ecda0cbe8"
  integrity sha512-kkywGpCcRYhqQIchaWqZ875wzpS/bMKhz5HnN3p7wveJTkTtyAB/AlnS0f8DFSqYW1T82t6yEAkEcB+A1I3MbQ==
  dependencies:
    character-entities "^1.0.0"
    character-entities-legacy "^1.0.0"
    character-reference-invalid "^1.0.0"
    is-alphanumerical "^1.0.0"
    is-decimal "^1.0.0"
    is-hexadecimal "^1.0.0"

path-parse@^1.0.6:
  version "1.0.6"
  resolved "https://registry.npmjs.org/path-parse/-/path-parse-1.0.6.tgz#d62dbb5679405d72c4737ec58600e9ddcf06d24c"
  integrity sha512-GSmOT2EbHrINBf9SR7CDELwlJ8AENk3Qn7OikK4nFYAu3Ote2+JYNVvkpAEQm3/TLNEJFD/xZJjzyxg3KBWOzw==

periscopic@^2.0.0:
  version "2.0.3"
  resolved "https://registry.npmjs.org/periscopic/-/periscopic-2.0.3.tgz#326e16c46068172ca9a9d20af1a684cd0796fa99"
  integrity sha512-FuCZe61mWxQOJAQFEfmt9FjzebRlcpFz8sFPbyaCKtdusPkMEbA9ey0eARnRav5zAhmXznhaQkKGFAPn7X9NUw==
  dependencies:
    estree-walker "^2.0.2"
    is-reference "^1.1.4"

postcss@^8.2.1:
  version "8.2.9"
  resolved "https://registry.npmjs.org/postcss/-/postcss-8.2.9.tgz#fd95ff37b5cee55c409b3fdd237296ab4096fba3"
  integrity sha512-b+TmuIL4jGtCHtoLi+G/PisuIl9avxs8IZMSmlABRwNz5RLUUACrC+ws81dcomz1nRezm5YPdXiMEzBEKgYn+Q==
  dependencies:
    colorette "^1.2.2"
    nanoid "^3.1.22"
    source-map "^0.6.1"

property-information@^5.0.0:
  version "5.6.0"
  resolved "https://registry.npmjs.org/property-information/-/property-information-5.6.0.tgz#61675545fb23002f245c6540ec46077d4da3ed69"
  integrity sha512-YUHSPk+A30YPv+0Qf8i9Mbfe/C0hdPXk1s1jPVToV8pk8BQtpw10ct89Eo7OWkutrwqvT0eicAxlOg3dOAu8JA==
  dependencies:
    xtend "^4.0.0"

rehype-minify-whitespace@^4.0.0:
  version "4.0.5"
  resolved "https://registry.npmjs.org/rehype-minify-whitespace/-/rehype-minify-whitespace-4.0.5.tgz#5b4781786116216f6d5d7ceadf84e2489dd7b3cd"
  integrity sha512-QC3Z+bZ5wbv+jGYQewpAAYhXhzuH/TVRx7z08rurBmh9AbG8Nu8oJnvs9LWj43Fd/C7UIhXoQ7Wddgt+ThWK5g==
  dependencies:
    hast-util-embedded "^1.0.0"
    hast-util-is-element "^1.0.0"
    hast-util-whitespace "^1.0.4"
    unist-util-is "^4.0.0"

remark-mdx@2.0.0-next.9:
  version "2.0.0-next.9"
  resolved "https://registry.npmjs.org/remark-mdx/-/remark-mdx-2.0.0-next.9.tgz#3e2088550ddd4264ce48bca15fb297569d369e65"
  integrity sha512-I5dCKP5VE18SMd5ycIeeEk8Hl6oaldUY6PIvjrfm65l7d0QRnLqknb62O2g3QEmOxCswcHTtwITtz6rfUIVs+A==
  dependencies:
    mdast-util-mdx "^0.1.1"
    micromark-extension-mdx "^0.2.0"
    micromark-extension-mdxjs "^0.3.0"

remark-parse@^9.0.0:
  version "9.0.0"
  resolved "https://registry.npmjs.org/remark-parse/-/remark-parse-9.0.0.tgz#4d20a299665880e4f4af5d90b7c7b8a935853640"
  integrity sha512-geKatMwSzEXKHuzBNU1z676sGcDcFoChMK38TgdHJNAYfFtsfHDQG7MoJAjs6sgYMqyLduCYWDIWZIxiPeafEw==
  dependencies:
    mdast-util-from-markdown "^0.8.0"

remark-squeeze-paragraphs@^4.0.0:
  version "4.0.0"
  resolved "https://registry.npmjs.org/remark-squeeze-paragraphs/-/remark-squeeze-paragraphs-4.0.0.tgz#76eb0e085295131c84748c8e43810159c5653ead"
  integrity sha512-8qRqmL9F4nuLPIgl92XUuxI3pFxize+F1H0e/W3llTk0UsjJaj01+RrirkMw7P21RKe4X6goQhYRSvNWX+70Rw==
  dependencies:
    mdast-squeeze-paragraphs "^4.0.0"

repeat-string@^1.0.0, repeat-string@^1.5.4:
  version "1.6.1"
  resolved "https://registry.npmjs.org/repeat-string/-/repeat-string-1.6.1.tgz#8dcae470e1c88abc2d600fff4a776286da75e637"
  integrity sha1-jcrkcOHIirwtYA//Sndihtp15jc=

resolve@^1.19.0, resolve@^1.20.0:
  version "1.20.0"
  resolved "https://registry.yarnpkg.com/resolve/-/resolve-1.20.0.tgz#629a013fb3f70755d6f0b7935cc1c2c5378b1975"
  integrity sha512-wENBPt4ySzg4ybFQW2TT1zMQucPK95HSh/nq2CFTZVOGut2+pQvSsgtda4d26YrYcr067wjbmzOG8byDPBX63A==
  dependencies:
    is-core-module "^2.2.0"
    path-parse "^1.0.6"

rollup@^2.38.5:
  version "2.44.0"
  resolved "https://registry.npmjs.org/rollup/-/rollup-2.44.0.tgz#8da324d1c4fd12beef9ae6e12f4068265b6d95eb"
  integrity sha512-rGSF4pLwvuaH/x4nAS+zP6UNn5YUDWf/TeEU5IoXSZKBbKRNTCI3qMnYXKZgrC0D2KzS2baiOZt1OlqhMu5rnQ==
  optionalDependencies:
    fsevents "~2.3.1"

source-map@^0.6.1:
  version "0.6.1"
  resolved "https://registry.npmjs.org/source-map/-/source-map-0.6.1.tgz#74722af32e9614e9c287a8d0bbde48b5e2f1a263"
  integrity sha512-UjgapumWlbMhkBgzT7Ykc5YXUT46F0iKu8SGXq0bcwP5dz/h0Plj6enJqjz1Zbq2l5WaqYnrVbwWOWMyF3F47g==

space-separated-tokens@^1.0.0:
  version "1.1.5"
  resolved "https://registry.npmjs.org/space-separated-tokens/-/space-separated-tokens-1.1.5.tgz#85f32c3d10d9682007e917414ddc5c26d1aa6899"
  integrity sha512-q/JSVd1Lptzhf5bkYm4ob4iWPjx0KiRe3sRFBNrVqbJkFaBm5vbbowy1mymoPNLRa52+oadOhJ+K49wsSeSjTA==

stringify-entities@^3.1.0:
  version "3.1.0"
  resolved "https://registry.npmjs.org/stringify-entities/-/stringify-entities-3.1.0.tgz#b8d3feac256d9ffcc9fa1fefdcf3ca70576ee903"
  integrity sha512-3FP+jGMmMV/ffZs86MoghGqAoqXAdxLrJP4GUdrDN1aIScYih5tuIO3eF4To5AJZ79KDZ8Fpdy7QJnK8SsL1Vg==
  dependencies:
    character-entities-html4 "^1.0.0"
    character-entities-legacy "^1.0.0"
    xtend "^4.0.0"

strip-indent@^3.0.0:
  version "3.0.0"
  resolved "https://registry.npmjs.org/strip-indent/-/strip-indent-3.0.0.tgz#c32e1cee940b6b3432c771bc2c54bcce73cd3001"
  integrity sha512-laJTa3Jb+VQpaC6DseHhF7dXVqHTfJPCRDaEbid/drOhgitgYku/letMUqOXFoWV0zIIUbjpdH2t+tYj4bQMRQ==
  dependencies:
    min-indent "^1.0.0"

style-to-object@^0.3.0:
  version "0.3.0"
  resolved "https://registry.npmjs.org/style-to-object/-/style-to-object-0.3.0.tgz#b1b790d205991cc783801967214979ee19a76e46"
  integrity sha512-CzFnRRXhzWIdItT3OmF8SQfWyahHhjq3HwcMNCNLn+N7klOOqPjMeG/4JSu77D7ypZdGvSzvkrbyeTMizz2VrA==
  dependencies:
    inline-style-parser "0.1.1"

trough@^1.0.0:
  version "1.0.5"
  resolved "https://registry.npmjs.org/trough/-/trough-1.0.5.tgz#b8b639cefad7d0bb2abd37d433ff8293efa5f406"
  integrity sha512-rvuRbTarPXmMb79SmzEp8aqXNKcK+y0XaB298IXueQ8I2PsrATcPBCSPyK/dDNa2iWOhKlfNnOjdAOTBU/nkFA==

typescript@^4.1.3:
  version "4.2.3"
  resolved "https://registry.npmjs.org/typescript/-/typescript-4.2.3.tgz#39062d8019912d43726298f09493d598048c1ce3"
  integrity sha512-qOcYwxaByStAWrBf4x0fibwZvMRG+r4cQoTjbPtUlrWjBHbmCAww1i448U0GJ+3cNNEtebDteo/cHOR3xJ4wEw==

unified@^9.2.0, unified@^9.2.1:
  version "9.2.1"
  resolved "https://registry.npmjs.org/unified/-/unified-9.2.1.tgz#ae18d5674c114021bfdbdf73865ca60f410215a3"
  integrity sha512-juWjuI8Z4xFg8pJbnEZ41b5xjGUWGHqXALmBZ3FC3WX0PIx1CZBIIJ6mXbYMcf6Yw4Fi0rFUTA1cdz/BglbOhA==
  dependencies:
    bail "^1.0.0"
    extend "^3.0.0"
    is-buffer "^2.0.0"
    is-plain-obj "^2.0.0"
    trough "^1.0.0"
    vfile "^4.0.0"

unist-builder@^2.0.0:
  version "2.0.3"
  resolved "https://registry.npmjs.org/unist-builder/-/unist-builder-2.0.3.tgz#77648711b5d86af0942f334397a33c5e91516436"
  integrity sha512-f98yt5pnlMWlzP539tPc4grGMsFaQQlP/vM396b00jngsiINumNmsY8rkXjfoi1c6QaM8nQ3vaGDuoKWbe/1Uw==

unist-util-generated@^1.0.0:
  version "1.1.6"
  resolved "https://registry.npmjs.org/unist-util-generated/-/unist-util-generated-1.1.6.tgz#5ab51f689e2992a472beb1b35f2ce7ff2f324d4b"
  integrity sha512-cln2Mm1/CZzN5ttGK7vkoGw+RZ8VcUH6BtGbq98DDtRGquAAOXig1mrBQYelOwMXYS8rK+vZDyyojSjp7JX+Lg==

unist-util-is@^4.0.0:
  version "4.1.0"
  resolved "https://registry.npmjs.org/unist-util-is/-/unist-util-is-4.1.0.tgz#976e5f462a7a5de73d94b706bac1b90671b57797"
  integrity sha512-ZOQSsnce92GrxSqlnEEseX0gi7GH9zTJZ0p9dtu87WRb/37mMPO2Ilx1s/t9vBHrFhbgweUwb+t7cIn5dxPhZg==

unist-util-position@^3.0.0, unist-util-position@^3.1.0:
  version "3.1.0"
  resolved "https://registry.npmjs.org/unist-util-position/-/unist-util-position-3.1.0.tgz#1c42ee6301f8d52f47d14f62bbdb796571fa2d47"
  integrity sha512-w+PkwCbYSFw8vpgWD0v7zRCl1FpY3fjDSQ3/N/wNd9Ffa4gPi8+4keqt99N3XW6F99t/mUzp2xAhNmfKWp95QA==

unist-util-remove-position@^3.0.0:
  version "3.0.0"
  resolved "https://registry.npmjs.org/unist-util-remove-position/-/unist-util-remove-position-3.0.0.tgz#4cd19e82c8e665f462b6acfcfd0a8353235a88e9"
  integrity sha512-17kIOuolVuK16LMb9KyMJlqdfCtlfQY5FjY3Sdo9iC7F5wqdXhNjMq0PBvMpkVNNnAmHxXssUW+rZ9T2zbP0Rg==
  dependencies:
    unist-util-visit "^2.0.0"

unist-util-remove@^2.0.0:
  version "2.1.0"
  resolved "https://registry.npmjs.org/unist-util-remove/-/unist-util-remove-2.1.0.tgz#b0b4738aa7ee445c402fda9328d604a02d010588"
  integrity sha512-J8NYPyBm4baYLdCbjmf1bhPu45Cr1MWTm77qd9istEkzWpnN6O9tMsEbB2JhNnBCqGENRqEWomQ+He6au0B27Q==
  dependencies:
    unist-util-is "^4.0.0"

unist-util-stringify-position@^2.0.0:
  version "2.0.3"
  resolved "https://registry.npmjs.org/unist-util-stringify-position/-/unist-util-stringify-position-2.0.3.tgz#cce3bfa1cdf85ba7375d1d5b17bdc4cada9bd9da"
  integrity sha512-3faScn5I+hy9VleOq/qNbAd6pAx7iH5jYBMS9I1HgQVijz/4mv5Bvw5iw1sC/90CODiKo81G/ps8AJrISn687g==
  dependencies:
    "@types/unist" "^2.0.2"

unist-util-visit-parents@^3.0.0:
  version "3.1.1"
  resolved "https://registry.npmjs.org/unist-util-visit-parents/-/unist-util-visit-parents-3.1.1.tgz#65a6ce698f78a6b0f56aa0e88f13801886cdaef6"
  integrity sha512-1KROIZWo6bcMrZEwiH2UrXDyalAa0uqzWCxCJj6lPOvTve2WkfgCytoDTPaMnodXh1WrXOq0haVYHj99ynJlsg==
  dependencies:
    "@types/unist" "^2.0.0"
    unist-util-is "^4.0.0"

unist-util-visit@^2.0.0:
  version "2.0.3"
  resolved "https://registry.npmjs.org/unist-util-visit/-/unist-util-visit-2.0.3.tgz#c3703893146df47203bb8a9795af47d7b971208c"
  integrity sha512-iJ4/RczbJMkD0712mGktuGpm/U4By4FfDonL7N/9tATGIF4imikjOuagyMY53tnZq3NP6BcmlrHhEKAfGWjh7Q==
  dependencies:
    "@types/unist" "^2.0.0"
    unist-util-is "^4.0.0"
    unist-util-visit-parents "^3.0.0"

vfile-message@^2.0.0:
  version "2.0.4"
  resolved "https://registry.npmjs.org/vfile-message/-/vfile-message-2.0.4.tgz#5b43b88171d409eae58477d13f23dd41d52c371a"
  integrity sha512-DjssxRGkMvifUOJre00juHoP9DPWuzjxKuMDrhNbk2TdaYYBNMStsNhEOt3idrtI12VQYM/1+iM0KOzXi4pxwQ==
  dependencies:
    "@types/unist" "^2.0.0"
    unist-util-stringify-position "^2.0.0"

vfile@^4.0.0:
  version "4.2.1"
  resolved "https://registry.npmjs.org/vfile/-/vfile-4.2.1.tgz#03f1dce28fc625c625bc6514350fbdb00fa9e624"
  integrity sha512-O6AE4OskCG5S1emQ/4gl8zK586RqA3srz3nfK/Viy0UPToBc5Trp9BVFb1u0CjsKrAWwnpr4ifM/KBXPWwJbCA==
  dependencies:
    "@types/unist" "^2.0.0"
    is-buffer "^2.0.0"
    unist-util-stringify-position "^2.0.0"
    vfile-message "^2.0.0"

vite@^2.0.4:
  version "2.1.5"
  resolved "https://registry.npmjs.org/vite/-/vite-2.1.5.tgz#4857da441c62f7982c83cbd5f42a00330f20c9c1"
  integrity sha512-tYU5iaYeUgQYvK/CNNz3tiJ8vYqPWfCE9IQ7K0iuzYovWw7lzty7KRYGWwV3CQPh0NKxWjOczAqiJsCL0Xb+Og==
  dependencies:
    esbuild "^0.9.3"
    postcss "^8.2.1"
    resolve "^1.19.0"
    rollup "^2.38.5"
  optionalDependencies:
    fsevents "~2.3.1"

xtend@^4.0.0:
  version "4.0.2"
  resolved "https://registry.npmjs.org/xtend/-/xtend-4.0.2.tgz#bb72779f5fa465186b1f438f674fa347fdb5db54"
  integrity sha512-LKYU1iAXJXUgAXn9URjiu+MWhyUXHsvfp7mcuYm9dSUKK0/CjtrUwFAxD82/mCWbtLsGjFIad0wIsod4zrTAEQ==

zwitch@^1.0.0:
  version "1.0.5"
  resolved "https://registry.npmjs.org/zwitch/-/zwitch-1.0.5.tgz#d11d7381ffed16b742f6af7b3f223d5cd9fe9920"
  integrity sha512-V50KMwwzqJV0NpZIZFwfOD5/lyny3WlSzRiXgA0G7VUnRlqttta1L6UQIHzd6EuBY/cHGfwTIck7w1yH6Q5zUw==
